// !$*UTF8*$!
{
	archiveVersion = 1;
	classes = {
	};
	objectVersion = 56;
	objects = {

/* Begin PBXBuildFile section */
		7F2272F12AADFAD40036BC9C /* AppDelegate.swift in Sources */ = {isa = PBXBuildFile; fileRef = 7F2272F02AADFAD40036BC9C /* AppDelegate.swift */; };
		7F2272F32AADFAD40036BC9C /* SceneDelegate.swift in Sources */ = {isa = PBXBuildFile; fileRef = 7F2272F22AADFAD40036BC9C /* SceneDelegate.swift */; };
		7F2272FA2AADFAD60036BC9C /* Assets.xcassets in Resources */ = {isa = PBXBuildFile; fileRef = 7F2272F92AADFAD60036BC9C /* Assets.xcassets */; };
		7F2272FD2AADFAD60036BC9C /* LaunchScreen.storyboard in Resources */ = {isa = PBXBuildFile; fileRef = 7F2272FB2AADFAD60036BC9C /* LaunchScreen.storyboard */; };
		7F2273072AADFBD70036BC9C /* AppCoordinator.swift in Sources */ = {isa = PBXBuildFile; fileRef = 7F2273062AADFBD70036BC9C /* AppCoordinator.swift */; };
		7F22730B2AADFBF60036BC9C /* Coordinator.swift in Sources */ = {isa = PBXBuildFile; fileRef = 7F22730A2AADFBF60036BC9C /* Coordinator.swift */; };
		7F2273102AADFDD10036BC9C /* LoginCoordinator.swift in Sources */ = {isa = PBXBuildFile; fileRef = 7F22730F2AADFDD10036BC9C /* LoginCoordinator.swift */; };
		7F2273122AADFE410036BC9C /* LoginViewModel.swift in Sources */ = {isa = PBXBuildFile; fileRef = 7F2273112AADFE410036BC9C /* LoginViewModel.swift */; };
		7F2273142AADFE960036BC9C /* LoginView.swift in Sources */ = {isa = PBXBuildFile; fileRef = 7F2273132AADFE960036BC9C /* LoginView.swift */; };
		7F5A75832AE3AAF2006BD516 /* RegistrationView.swift in Sources */ = {isa = PBXBuildFile; fileRef = 7F5A75822AE3AAF2006BD516 /* RegistrationView.swift */; };
		7F5A75872AE3AB15006BD516 /* RegistrationViewModel.swift in Sources */ = {isa = PBXBuildFile; fileRef = 7F5A75862AE3AB15006BD516 /* RegistrationViewModel.swift */; };
		7F5A75892AE3AB23006BD516 /* RegistrationCoordinator.swift in Sources */ = {isa = PBXBuildFile; fileRef = 7F5A75882AE3AB23006BD516 /* RegistrationCoordinator.swift */; };
		7F5A758B2AE3AB70006BD516 /* CustomTextField.swift in Sources */ = {isa = PBXBuildFile; fileRef = 7F5A758A2AE3AB70006BD516 /* CustomTextField.swift */; };
		7F5A758D2AE3AF1B006BD516 /* MarkText.swift in Sources */ = {isa = PBXBuildFile; fileRef = 7F5A758C2AE3AF1B006BD516 /* MarkText.swift */; };
		7F5A759A2AE3C132006BD516 /* MainView.swift in Sources */ = {isa = PBXBuildFile; fileRef = 7F5A75992AE3C132006BD516 /* MainView.swift */; };
		7F5A759E2AE3C14C006BD516 /* MainViewModel.swift in Sources */ = {isa = PBXBuildFile; fileRef = 7F5A759D2AE3C14C006BD516 /* MainViewModel.swift */; };
		7F5A75A02AE3C156006BD516 /* MainCoordinator.swift in Sources */ = {isa = PBXBuildFile; fileRef = 7F5A759F2AE3C156006BD516 /* MainCoordinator.swift */; };
		7F5A75A32AE3C249006BD516 /* Sale.swift in Sources */ = {isa = PBXBuildFile; fileRef = 7F5A75A22AE3C249006BD516 /* Sale.swift */; };
		7F5A75A62AE3C277006BD516 /* TopView.swift in Sources */ = {isa = PBXBuildFile; fileRef = 7F5A75A52AE3C277006BD516 /* TopView.swift */; };
		7F5A75A82AE3C2D0006BD516 /* PointView.swift in Sources */ = {isa = PBXBuildFile; fileRef = 7F5A75A72AE3C2D0006BD516 /* PointView.swift */; };
		7F5A75AA2AE3F187006BD516 /* SaleSubView.swift in Sources */ = {isa = PBXBuildFile; fileRef = 7F5A75A92AE3F187006BD516 /* SaleSubView.swift */; };
		7F5A75AF2AE3FB0E006BD516 /* MyTabBar.swift in Sources */ = {isa = PBXBuildFile; fileRef = 7F5A75AE2AE3FB0E006BD516 /* MyTabBar.swift */; };
		7F5A75B62AE4FF42006BD516 /* SaleView.swift in Sources */ = {isa = PBXBuildFile; fileRef = 7F5A75B52AE4FF42006BD516 /* SaleView.swift */; };
		7F5A75B82AE4FF71006BD516 /* SaleViewModel.swift in Sources */ = {isa = PBXBuildFile; fileRef = 7F5A75B72AE4FF71006BD516 /* SaleViewModel.swift */; };
		7F5A75BA2AE4FF7A006BD516 /* SaleCoordinator.swift in Sources */ = {isa = PBXBuildFile; fileRef = 7F5A75B92AE4FF7A006BD516 /* SaleCoordinator.swift */; };
		7F5A75BF2AE505C5006BD516 /* SaleScrollView.swift in Sources */ = {isa = PBXBuildFile; fileRef = 7F5A75BE2AE505C4006BD516 /* SaleScrollView.swift */; };
/* End PBXBuildFile section */

/* Begin PBXFileReference section */
		7F2272ED2AADFAD40036BC9C /* InfernoLounge.app */ = {isa = PBXFileReference; explicitFileType = wrapper.application; includeInIndex = 0; path = InfernoLounge.app; sourceTree = BUILT_PRODUCTS_DIR; };
		7F2272F02AADFAD40036BC9C /* AppDelegate.swift */ = {isa = PBXFileReference; lastKnownFileType = sourcecode.swift; path = AppDelegate.swift; sourceTree = "<group>"; };
		7F2272F22AADFAD40036BC9C /* SceneDelegate.swift */ = {isa = PBXFileReference; lastKnownFileType = sourcecode.swift; path = SceneDelegate.swift; sourceTree = "<group>"; };
		7F2272F92AADFAD60036BC9C /* Assets.xcassets */ = {isa = PBXFileReference; lastKnownFileType = folder.assetcatalog; path = Assets.xcassets; sourceTree = "<group>"; };
		7F2272FC2AADFAD60036BC9C /* Base */ = {isa = PBXFileReference; lastKnownFileType = file.storyboard; name = Base; path = Base.lproj/LaunchScreen.storyboard; sourceTree = "<group>"; };
		7F2272FE2AADFAD60036BC9C /* Info.plist */ = {isa = PBXFileReference; lastKnownFileType = text.plist.xml; path = Info.plist; sourceTree = "<group>"; };
		7F2273062AADFBD70036BC9C /* AppCoordinator.swift */ = {isa = PBXFileReference; lastKnownFileType = sourcecode.swift; path = AppCoordinator.swift; sourceTree = "<group>"; };
		7F22730A2AADFBF60036BC9C /* Coordinator.swift */ = {isa = PBXFileReference; lastKnownFileType = sourcecode.swift; path = Coordinator.swift; sourceTree = "<group>"; };
		7F22730F2AADFDD10036BC9C /* LoginCoordinator.swift */ = {isa = PBXFileReference; lastKnownFileType = sourcecode.swift; path = LoginCoordinator.swift; sourceTree = "<group>"; };
		7F2273112AADFE410036BC9C /* LoginViewModel.swift */ = {isa = PBXFileReference; lastKnownFileType = sourcecode.swift; path = LoginViewModel.swift; sourceTree = "<group>"; };
		7F2273132AADFE960036BC9C /* LoginView.swift */ = {isa = PBXFileReference; lastKnownFileType = sourcecode.swift; path = LoginView.swift; sourceTree = "<group>"; };
		7F5A75822AE3AAF2006BD516 /* RegistrationView.swift */ = {isa = PBXFileReference; lastKnownFileType = sourcecode.swift; path = RegistrationView.swift; sourceTree = "<group>"; };
		7F5A75862AE3AB15006BD516 /* RegistrationViewModel.swift */ = {isa = PBXFileReference; lastKnownFileType = sourcecode.swift; path = RegistrationViewModel.swift; sourceTree = "<group>"; };
		7F5A75882AE3AB23006BD516 /* RegistrationCoordinator.swift */ = {isa = PBXFileReference; lastKnownFileType = sourcecode.swift; path = RegistrationCoordinator.swift; sourceTree = "<group>"; };
		7F5A758A2AE3AB70006BD516 /* CustomTextField.swift */ = {isa = PBXFileReference; lastKnownFileType = sourcecode.swift; path = CustomTextField.swift; sourceTree = "<group>"; };
		7F5A758C2AE3AF1B006BD516 /* MarkText.swift */ = {isa = PBXFileReference; lastKnownFileType = sourcecode.swift; path = MarkText.swift; sourceTree = "<group>"; };
		7F5A75992AE3C132006BD516 /* MainView.swift */ = {isa = PBXFileReference; lastKnownFileType = sourcecode.swift; path = MainView.swift; sourceTree = "<group>"; };
		7F5A759D2AE3C14C006BD516 /* MainViewModel.swift */ = {isa = PBXFileReference; lastKnownFileType = sourcecode.swift; path = MainViewModel.swift; sourceTree = "<group>"; };
		7F5A759F2AE3C156006BD516 /* MainCoordinator.swift */ = {isa = PBXFileReference; lastKnownFileType = sourcecode.swift; path = MainCoordinator.swift; sourceTree = "<group>"; };
		7F5A75A22AE3C249006BD516 /* Sale.swift */ = {isa = PBXFileReference; lastKnownFileType = sourcecode.swift; path = Sale.swift; sourceTree = "<group>"; };
		7F5A75A52AE3C277006BD516 /* TopView.swift */ = {isa = PBXFileReference; lastKnownFileType = sourcecode.swift; path = TopView.swift; sourceTree = "<group>"; };
		7F5A75A72AE3C2D0006BD516 /* PointView.swift */ = {isa = PBXFileReference; lastKnownFileType = sourcecode.swift; path = PointView.swift; sourceTree = "<group>"; };
		7F5A75A92AE3F187006BD516 /* SaleSubView.swift */ = {isa = PBXFileReference; lastKnownFileType = sourcecode.swift; path = SaleSubView.swift; sourceTree = "<group>"; };
		7F5A75AE2AE3FB0E006BD516 /* MyTabBar.swift */ = {isa = PBXFileReference; lastKnownFileType = sourcecode.swift; path = MyTabBar.swift; sourceTree = "<group>"; };
		7F5A75B52AE4FF42006BD516 /* SaleView.swift */ = {isa = PBXFileReference; lastKnownFileType = sourcecode.swift; path = SaleView.swift; sourceTree = "<group>"; };
		7F5A75B72AE4FF71006BD516 /* SaleViewModel.swift */ = {isa = PBXFileReference; lastKnownFileType = sourcecode.swift; path = SaleViewModel.swift; sourceTree = "<group>"; };
		7F5A75B92AE4FF7A006BD516 /* SaleCoordinator.swift */ = {isa = PBXFileReference; lastKnownFileType = sourcecode.swift; path = SaleCoordinator.swift; sourceTree = "<group>"; };
		7F5A75BE2AE505C4006BD516 /* SaleScrollView.swift */ = {isa = PBXFileReference; lastKnownFileType = sourcecode.swift; path = SaleScrollView.swift; sourceTree = "<group>"; };
/* End PBXFileReference section */

/* Begin PBXFrameworksBuildPhase section */
		7F2272EA2AADFAD40036BC9C /* Frameworks */ = {
			isa = PBXFrameworksBuildPhase;
			buildActionMask = 2147483647;
			files = (
			);
			runOnlyForDeploymentPostprocessing = 0;
		};
/* End PBXFrameworksBuildPhase section */

/* Begin PBXGroup section */
		7F2272E42AADFAD40036BC9C = {
			isa = PBXGroup;
			children = (
				7F2272EF2AADFAD40036BC9C /* InfernoLounge */,
				7F2272EE2AADFAD40036BC9C /* Products */,
			);
			sourceTree = "<group>";
		};
		7F2272EE2AADFAD40036BC9C /* Products */ = {
			isa = PBXGroup;
			children = (
				7F2272ED2AADFAD40036BC9C /* InfernoLounge.app */,
			);
			name = Products;
			sourceTree = "<group>";
		};
		7F2272EF2AADFAD40036BC9C /* InfernoLounge */ = {
			isa = PBXGroup;
			children = (
				7F5A75A12AE3C23C006BD516 /* Model */,
				7F2273052AADFB990036BC9C /* Login */,
				7F5A75812AE3AA95006BD516 /* Registration */,
				7F5A75982AE3C122006BD516 /* Main */,
				7F5A75B42AE4FF35006BD516 /* SaleView */,
				7F2273082AADFBDB0036BC9C /* Common */,
				7F2273042AADFB8E0036BC9C /* SupportingFiles */,
				7F2272FE2AADFAD60036BC9C /* Info.plist */,
			);
			path = InfernoLounge;
			sourceTree = "<group>";
		};
		7F2273042AADFB8E0036BC9C /* SupportingFiles */ = {
			isa = PBXGroup;
			children = (
				7F2272F02AADFAD40036BC9C /* AppDelegate.swift */,
				7F2272F22AADFAD40036BC9C /* SceneDelegate.swift */,
				7F2272F92AADFAD60036BC9C /* Assets.xcassets */,
				7F2272FB2AADFAD60036BC9C /* LaunchScreen.storyboard */,
				7F2273062AADFBD70036BC9C /* AppCoordinator.swift */,
			);
			path = SupportingFiles;
			sourceTree = "<group>";
		};
		7F2273052AADFB990036BC9C /* Login */ = {
			isa = PBXGroup;
			children = (
				7F22730E2AADFDC20036BC9C /* Model */,
				7F22730C2AADFDAE0036BC9C /* View */,
				7F22730D2AADFDB70036BC9C /* ViewModel */,
				7F22730F2AADFDD10036BC9C /* LoginCoordinator.swift */,
			);
			path = Login;
			sourceTree = "<group>";
		};
		7F2273082AADFBDB0036BC9C /* Common */ = {
			isa = PBXGroup;
			children = (
				7F2273092AADFBE50036BC9C /* Protocols */,
				7F5A758A2AE3AB70006BD516 /* CustomTextField.swift */,
				7F5A758C2AE3AF1B006BD516 /* MarkText.swift */,
			);
			path = Common;
			sourceTree = "<group>";
		};
		7F2273092AADFBE50036BC9C /* Protocols */ = {
			isa = PBXGroup;
			children = (
				7F22730A2AADFBF60036BC9C /* Coordinator.swift */,
			);
			path = Protocols;
			sourceTree = "<group>";
		};
		7F22730C2AADFDAE0036BC9C /* View */ = {
			isa = PBXGroup;
			children = (
				7F2273132AADFE960036BC9C /* LoginView.swift */,
			);
			path = View;
			sourceTree = "<group>";
		};
		7F22730D2AADFDB70036BC9C /* ViewModel */ = {
			isa = PBXGroup;
			children = (
				7F2273112AADFE410036BC9C /* LoginViewModel.swift */,
			);
			path = ViewModel;
			sourceTree = "<group>";
		};
		7F22730E2AADFDC20036BC9C /* Model */ = {
			isa = PBXGroup;
			children = (
			);
			path = Model;
			sourceTree = "<group>";
		};
		7F5A75812AE3AA95006BD516 /* Registration */ = {
			isa = PBXGroup;
			children = (
				7F5A75842AE3AAF7006BD516 /* View */,
				7F5A75852AE3AAFC006BD516 /* ViewModel */,
				7F5A75882AE3AB23006BD516 /* RegistrationCoordinator.swift */,
			);
			path = Registration;
			sourceTree = "<group>";
		};
		7F5A75842AE3AAF7006BD516 /* View */ = {
			isa = PBXGroup;
			children = (
				7F5A75822AE3AAF2006BD516 /* RegistrationView.swift */,
			);
			path = View;
			sourceTree = "<group>";
		};
		7F5A75852AE3AAFC006BD516 /* ViewModel */ = {
			isa = PBXGroup;
			children = (
				7F5A75862AE3AB15006BD516 /* RegistrationViewModel.swift */,
			);
			path = ViewModel;
			sourceTree = "<group>";
		};
		7F5A75982AE3C122006BD516 /* Main */ = {
			isa = PBXGroup;
			children = (
				7F5A759B2AE3C136006BD516 /* View */,
				7F5A759C2AE3C13E006BD516 /* ViewModel */,
				7F5A759F2AE3C156006BD516 /* MainCoordinator.swift */,
			);
			path = Main;
			sourceTree = "<group>";
		};
		7F5A759B2AE3C136006BD516 /* View */ = {
			isa = PBXGroup;
			children = (
				7F5A75992AE3C132006BD516 /* MainView.swift */,
				7F5A75A42AE3C26B006BD516 /* SubViews */,
			);
			path = View;
			sourceTree = "<group>";
		};
		7F5A759C2AE3C13E006BD516 /* ViewModel */ = {
			isa = PBXGroup;
			children = (
				7F5A759D2AE3C14C006BD516 /* MainViewModel.swift */,
			);
			path = ViewModel;
			sourceTree = "<group>";
		};
		7F5A75A12AE3C23C006BD516 /* Model */ = {
			isa = PBXGroup;
			children = (
				7F5A75A22AE3C249006BD516 /* Sale.swift */,
			);
			path = Model;
			sourceTree = "<group>";
		};
		7F5A75A42AE3C26B006BD516 /* SubViews */ = {
			isa = PBXGroup;
			children = (
				7F5A75A52AE3C277006BD516 /* TopView.swift */,
				7F5A75A72AE3C2D0006BD516 /* PointView.swift */,
				7F5A75A92AE3F187006BD516 /* SaleSubView.swift */,
				7F5A75AE2AE3FB0E006BD516 /* MyTabBar.swift */,
			);
			path = SubViews;
			sourceTree = "<group>";
		};
		7F5A75B42AE4FF35006BD516 /* SaleView */ = {
			isa = PBXGroup;
			children = (
				7F5A75BB2AE504D9006BD516 /* View */,
				7F5A75BC2AE504DE006BD516 /* ViewModel */,
				7F5A75B92AE4FF7A006BD516 /* SaleCoordinator.swift */,
			);
			path = SaleView;
			sourceTree = "<group>";
		};
		7F5A75BB2AE504D9006BD516 /* View */ = {
			isa = PBXGroup;
			children = (
				7F5A75B52AE4FF42006BD516 /* SaleView.swift */,
				7F5A75BD2AE504E6006BD516 /* SubViews */,
			);
			path = View;
			sourceTree = "<group>";
		};
		7F5A75BC2AE504DE006BD516 /* ViewModel */ = {
			isa = PBXGroup;
			children = (
				7F5A75B72AE4FF71006BD516 /* SaleViewModel.swift */,
			);
			path = ViewModel;
			sourceTree = "<group>";
		};
		7F5A75BD2AE504E6006BD516 /* SubViews */ = {
			isa = PBXGroup;
			children = (
				7F5A75BE2AE505C4006BD516 /* SaleScrollView.swift */,
			);
			path = SubViews;
			sourceTree = "<group>";
		};
/* End PBXGroup section */

/* Begin PBXNativeTarget section */
		7F2272EC2AADFAD40036BC9C /* InfernoLounge */ = {
			isa = PBXNativeTarget;
			buildConfigurationList = 7F2273012AADFAD60036BC9C /* Build configuration list for PBXNativeTarget "InfernoLounge" */;
			buildPhases = (
				7F2272E92AADFAD40036BC9C /* Sources */,
				7F2272EA2AADFAD40036BC9C /* Frameworks */,
				7F2272EB2AADFAD40036BC9C /* Resources */,
			);
			buildRules = (
			);
			dependencies = (
			);
			name = InfernoLounge;
			productName = InfernoLounge;
			productReference = 7F2272ED2AADFAD40036BC9C /* InfernoLounge.app */;
			productType = "com.apple.product-type.application";
		};
/* End PBXNativeTarget section */

/* Begin PBXProject section */
		7F2272E52AADFAD40036BC9C /* Project object */ = {
			isa = PBXProject;
			attributes = {
				BuildIndependentTargetsInParallel = 1;
				LastSwiftUpdateCheck = 1430;
				LastUpgradeCheck = 1430;
				TargetAttributes = {
					7F2272EC2AADFAD40036BC9C = {
						CreatedOnToolsVersion = 14.3.1;
					};
				};
			};
			buildConfigurationList = 7F2272E82AADFAD40036BC9C /* Build configuration list for PBXProject "InfernoLounge" */;
			compatibilityVersion = "Xcode 14.0";
			developmentRegion = en;
			hasScannedForEncodings = 0;
			knownRegions = (
				en,
				Base,
			);
			mainGroup = 7F2272E42AADFAD40036BC9C;
			productRefGroup = 7F2272EE2AADFAD40036BC9C /* Products */;
			projectDirPath = "";
			projectRoot = "";
			targets = (
				7F2272EC2AADFAD40036BC9C /* InfernoLounge */,
			);
		};
/* End PBXProject section */

/* Begin PBXResourcesBuildPhase section */
		7F2272EB2AADFAD40036BC9C /* Resources */ = {
			isa = PBXResourcesBuildPhase;
			buildActionMask = 2147483647;
			files = (
				7F2272FD2AADFAD60036BC9C /* LaunchScreen.storyboard in Resources */,
				7F2272FA2AADFAD60036BC9C /* Assets.xcassets in Resources */,
			);
			runOnlyForDeploymentPostprocessing = 0;
		};
/* End PBXResourcesBuildPhase section */

/* Begin PBXSourcesBuildPhase section */
		7F2272E92AADFAD40036BC9C /* Sources */ = {
			isa = PBXSourcesBuildPhase;
			buildActionMask = 2147483647;
			files = (
				7F22730B2AADFBF60036BC9C /* Coordinator.swift in Sources */,
				7F5A75BA2AE4FF7A006BD516 /* SaleCoordinator.swift in Sources */,
				7F5A759A2AE3C132006BD516 /* MainView.swift in Sources */,
				7F5A758B2AE3AB70006BD516 /* CustomTextField.swift in Sources */,
				7F5A75A82AE3C2D0006BD516 /* PointView.swift in Sources */,
				7F5A75872AE3AB15006BD516 /* RegistrationViewModel.swift in Sources */,
				7F2273142AADFE960036BC9C /* LoginView.swift in Sources */,
				7F5A75B82AE4FF71006BD516 /* SaleViewModel.swift in Sources */,
				7F5A75AF2AE3FB0E006BD516 /* MyTabBar.swift in Sources */,
				7F5A75892AE3AB23006BD516 /* RegistrationCoordinator.swift in Sources */,
				7F2273072AADFBD70036BC9C /* AppCoordinator.swift in Sources */,
				7F5A75BF2AE505C5006BD516 /* SaleScrollView.swift in Sources */,
				7F5A75A62AE3C277006BD516 /* TopView.swift in Sources */,
				7F5A759E2AE3C14C006BD516 /* MainViewModel.swift in Sources */,
				7F5A75B62AE4FF42006BD516 /* SaleView.swift in Sources */,
				7F2273122AADFE410036BC9C /* LoginViewModel.swift in Sources */,
				7F2273102AADFDD10036BC9C /* LoginCoordinator.swift in Sources */,
				7F5A75AA2AE3F187006BD516 /* SaleSubView.swift in Sources */,
				7F5A75A32AE3C249006BD516 /* Sale.swift in Sources */,
				7F2272F12AADFAD40036BC9C /* AppDelegate.swift in Sources */,
				7F5A758D2AE3AF1B006BD516 /* MarkText.swift in Sources */,
				7F2272F32AADFAD40036BC9C /* SceneDelegate.swift in Sources */,
				7F5A75A02AE3C156006BD516 /* MainCoordinator.swift in Sources */,
				7F5A75832AE3AAF2006BD516 /* RegistrationView.swift in Sources */,
			);
			runOnlyForDeploymentPostprocessing = 0;
		};
/* End PBXSourcesBuildPhase section */

/* Begin PBXVariantGroup section */
		7F2272FB2AADFAD60036BC9C /* LaunchScreen.storyboard */ = {
			isa = PBXVariantGroup;
			children = (
				7F2272FC2AADFAD60036BC9C /* Base */,
			);
			name = LaunchScreen.storyboard;
			sourceTree = "<group>";
		};
/* End PBXVariantGroup section */

/* Begin XCBuildConfiguration section */
		7F2272FF2AADFAD60036BC9C /* Debug */ = {
			isa = XCBuildConfiguration;
			buildSettings = {
				ALWAYS_SEARCH_USER_PATHS = NO;
				CLANG_ANALYZER_NONNULL = YES;
				CLANG_ANALYZER_NUMBER_OBJECT_CONVERSION = YES_AGGRESSIVE;
				CLANG_CXX_LANGUAGE_STANDARD = "gnu++20";
				CLANG_ENABLE_MODULES = YES;
				CLANG_ENABLE_OBJC_ARC = YES;
				CLANG_ENABLE_OBJC_WEAK = YES;
				CLANG_WARN_BLOCK_CAPTURE_AUTORELEASING = YES;
				CLANG_WARN_BOOL_CONVERSION = YES;
				CLANG_WARN_COMMA = YES;
				CLANG_WARN_CONSTANT_CONVERSION = YES;
				CLANG_WARN_DEPRECATED_OBJC_IMPLEMENTATIONS = YES;
				CLANG_WARN_DIRECT_OBJC_ISA_USAGE = YES_ERROR;
				CLANG_WARN_DOCUMENTATION_COMMENTS = YES;
				CLANG_WARN_EMPTY_BODY = YES;
				CLANG_WARN_ENUM_CONVERSION = YES;
				CLANG_WARN_INFINITE_RECURSION = YES;
				CLANG_WARN_INT_CONVERSION = YES;
				CLANG_WARN_NON_LITERAL_NULL_CONVERSION = YES;
				CLANG_WARN_OBJC_IMPLICIT_RETAIN_SELF = YES;
				CLANG_WARN_OBJC_LITERAL_CONVERSION = YES;
				CLANG_WARN_OBJC_ROOT_CLASS = YES_ERROR;
				CLANG_WARN_QUOTED_INCLUDE_IN_FRAMEWORK_HEADER = YES;
				CLANG_WARN_RANGE_LOOP_ANALYSIS = YES;
				CLANG_WARN_STRICT_PROTOTYPES = YES;
				CLANG_WARN_SUSPICIOUS_MOVE = YES;
				CLANG_WARN_UNGUARDED_AVAILABILITY = YES_AGGRESSIVE;
				CLANG_WARN_UNREACHABLE_CODE = YES;
				CLANG_WARN__DUPLICATE_METHOD_MATCH = YES;
				COPY_PHASE_STRIP = NO;
				DEBUG_INFORMATION_FORMAT = dwarf;
				ENABLE_STRICT_OBJC_MSGSEND = YES;
				ENABLE_TESTABILITY = YES;
				GCC_C_LANGUAGE_STANDARD = gnu11;
				GCC_DYNAMIC_NO_PIC = NO;
				GCC_NO_COMMON_BLOCKS = YES;
				GCC_OPTIMIZATION_LEVEL = 0;
				GCC_PREPROCESSOR_DEFINITIONS = (
					"DEBUG=1",
					"$(inherited)",
				);
				GCC_WARN_64_TO_32_BIT_CONVERSION = YES;
				GCC_WARN_ABOUT_RETURN_TYPE = YES_ERROR;
				GCC_WARN_UNDECLARED_SELECTOR = YES;
				GCC_WARN_UNINITIALIZED_AUTOS = YES_AGGRESSIVE;
				GCC_WARN_UNUSED_FUNCTION = YES;
				GCC_WARN_UNUSED_VARIABLE = YES;
				IPHONEOS_DEPLOYMENT_TARGET = 16.4;
				MTL_ENABLE_DEBUG_INFO = INCLUDE_SOURCE;
				MTL_FAST_MATH = YES;
				ONLY_ACTIVE_ARCH = YES;
				SDKROOT = iphoneos;
				SWIFT_ACTIVE_COMPILATION_CONDITIONS = DEBUG;
				SWIFT_OPTIMIZATION_LEVEL = "-Onone";
			};
			name = Debug;
		};
		7F2273002AADFAD60036BC9C /* Release */ = {
			isa = XCBuildConfiguration;
			buildSettings = {
				ALWAYS_SEARCH_USER_PATHS = NO;
				CLANG_ANALYZER_NONNULL = YES;
				CLANG_ANALYZER_NUMBER_OBJECT_CONVERSION = YES_AGGRESSIVE;
				CLANG_CXX_LANGUAGE_STANDARD = "gnu++20";
				CLANG_ENABLE_MODULES = YES;
				CLANG_ENABLE_OBJC_ARC = YES;
				CLANG_ENABLE_OBJC_WEAK = YES;
				CLANG_WARN_BLOCK_CAPTURE_AUTORELEASING = YES;
				CLANG_WARN_BOOL_CONVERSION = YES;
				CLANG_WARN_COMMA = YES;
				CLANG_WARN_CONSTANT_CONVERSION = YES;
				CLANG_WARN_DEPRECATED_OBJC_IMPLEMENTATIONS = YES;
				CLANG_WARN_DIRECT_OBJC_ISA_USAGE = YES_ERROR;
				CLANG_WARN_DOCUMENTATION_COMMENTS = YES;
				CLANG_WARN_EMPTY_BODY = YES;
				CLANG_WARN_ENUM_CONVERSION = YES;
				CLANG_WARN_INFINITE_RECURSION = YES;
				CLANG_WARN_INT_CONVERSION = YES;
				CLANG_WARN_NON_LITERAL_NULL_CONVERSION = YES;
				CLANG_WARN_OBJC_IMPLICIT_RETAIN_SELF = YES;
				CLANG_WARN_OBJC_LITERAL_CONVERSION = YES;
				CLANG_WARN_OBJC_ROOT_CLASS = YES_ERROR;
				CLANG_WARN_QUOTED_INCLUDE_IN_FRAMEWORK_HEADER = YES;
				CLANG_WARN_RANGE_LOOP_ANALYSIS = YES;
				CLANG_WARN_STRICT_PROTOTYPES = YES;
				CLANG_WARN_SUSPICIOUS_MOVE = YES;
				CLANG_WARN_UNGUARDED_AVAILABILITY = YES_AGGRESSIVE;
				CLANG_WARN_UNREACHABLE_CODE = YES;
				CLANG_WARN__DUPLICATE_METHOD_MATCH = YES;
				COPY_PHASE_STRIP = NO;
				DEBUG_INFORMATION_FORMAT = "dwarf-with-dsym";
				ENABLE_NS_ASSERTIONS = NO;
				ENABLE_STRICT_OBJC_MSGSEND = YES;
				GCC_C_LANGUAGE_STANDARD = gnu11;
				GCC_NO_COMMON_BLOCKS = YES;
				GCC_WARN_64_TO_32_BIT_CONVERSION = YES;
				GCC_WARN_ABOUT_RETURN_TYPE = YES_ERROR;
				GCC_WARN_UNDECLARED_SELECTOR = YES;
				GCC_WARN_UNINITIALIZED_AUTOS = YES_AGGRESSIVE;
				GCC_WARN_UNUSED_FUNCTION = YES;
				GCC_WARN_UNUSED_VARIABLE = YES;
				IPHONEOS_DEPLOYMENT_TARGET = 16.4;
				MTL_ENABLE_DEBUG_INFO = NO;
				MTL_FAST_MATH = YES;
				SDKROOT = iphoneos;
				SWIFT_COMPILATION_MODE = wholemodule;
				SWIFT_OPTIMIZATION_LEVEL = "-O";
				VALIDATE_PRODUCT = YES;
			};
			name = Release;
		};
		7F2273022AADFAD60036BC9C /* Debug */ = {
			isa = XCBuildConfiguration;
			buildSettings = {
				ASSETCATALOG_COMPILER_APPICON_NAME = AppIcon;
				ASSETCATALOG_COMPILER_GLOBAL_ACCENT_COLOR_NAME = AccentColor;
				CODE_SIGN_STYLE = Automatic;
				CURRENT_PROJECT_VERSION = 1;
				DEVELOPMENT_TEAM = 4DA45JC35S;
				GENERATE_INFOPLIST_FILE = YES;
				INFOPLIST_FILE = InfernoLounge/Info.plist;
				INFOPLIST_KEY_UIApplicationSupportsIndirectInputEvents = YES;
				INFOPLIST_KEY_UILaunchStoryboardName = LaunchScreen;
				INFOPLIST_KEY_UIMainStoryboardFile = "";
				INFOPLIST_KEY_UISupportedInterfaceOrientations_iPad = "UIInterfaceOrientationPortrait UIInterfaceOrientationPortraitUpsideDown UIInterfaceOrientationLandscapeLeft UIInterfaceOrientationLandscapeRight";
				INFOPLIST_KEY_UISupportedInterfaceOrientations_iPhone = "UIInterfaceOrientationPortrait UIInterfaceOrientationLandscapeLeft UIInterfaceOrientationLandscapeRight";
				LD_RUNPATH_SEARCH_PATHS = (
					"$(inherited)",
					"@executable_path/Frameworks",
				);
				MARKETING_VERSION = 1.0;
				PRODUCT_BUNDLE_IDENTIFIER = "PineapplePractice-Hookah-MOB.InfernoLounge";
				PRODUCT_NAME = "$(TARGET_NAME)";
				SWIFT_EMIT_LOC_STRINGS = YES;
				SWIFT_VERSION = 5.0;
				TARGETED_DEVICE_FAMILY = "1,2";
			};
			name = Debug;
		};
		7F2273032AADFAD60036BC9C /* Release */ = {
			isa = XCBuildConfiguration;
			buildSettings = {
				ASSETCATALOG_COMPILER_APPICON_NAME = AppIcon;
				ASSETCATALOG_COMPILER_GLOBAL_ACCENT_COLOR_NAME = AccentColor;
				CODE_SIGN_STYLE = Automatic;
				CURRENT_PROJECT_VERSION = 1;
				DEVELOPMENT_TEAM = 4DA45JC35S;
				GENERATE_INFOPLIST_FILE = YES;
				INFOPLIST_FILE = InfernoLounge/Info.plist;
				INFOPLIST_KEY_UIApplicationSupportsIndirectInputEvents = YES;
				INFOPLIST_KEY_UILaunchStoryboardName = LaunchScreen;
				INFOPLIST_KEY_UIMainStoryboardFile = "";
				INFOPLIST_KEY_UISupportedInterfaceOrientations_iPad = "UIInterfaceOrientationPortrait UIInterfaceOrientationPortraitUpsideDown UIInterfaceOrientationLandscapeLeft UIInterfaceOrientationLandscapeRight";
				INFOPLIST_KEY_UISupportedInterfaceOrientations_iPhone = "UIInterfaceOrientationPortrait UIInterfaceOrientationLandscapeLeft UIInterfaceOrientationLandscapeRight";
				LD_RUNPATH_SEARCH_PATHS = (
					"$(inherited)",
					"@executable_path/Frameworks",
				);
				MARKETING_VERSION = 1.0;
				PRODUCT_BUNDLE_IDENTIFIER = "PineapplePractice-Hookah-MOB.InfernoLounge";
				PRODUCT_NAME = "$(TARGET_NAME)";
				SWIFT_EMIT_LOC_STRINGS = YES;
				SWIFT_VERSION = 5.0;
				TARGETED_DEVICE_FAMILY = "1,2";
			};
			name = Release;
		};
/* End XCBuildConfiguration section */

/* Begin XCConfigurationList section */
		7F2272E82AADFAD40036BC9C /* Build configuration list for PBXProject "InfernoLounge" */ = {
			isa = XCConfigurationList;
			buildConfigurations = (
				7F2272FF2AADFAD60036BC9C /* Debug */,
				7F2273002AADFAD60036BC9C /* Release */,
			);
			defaultConfigurationIsVisible = 0;
			defaultConfigurationName = Release;
		};
		7F2273012AADFAD60036BC9C /* Build configuration list for PBXNativeTarget "InfernoLounge" */ = {
			isa = XCConfigurationList;
			buildConfigurations = (
				7F2273022AADFAD60036BC9C /* Debug */,
				7F2273032AADFAD60036BC9C /* Release */,
			);
			defaultConfigurationIsVisible = 0;
			defaultConfigurationName = Release;
		};
/* End XCConfigurationList section */
	};
	rootObject = 7F2272E52AADFAD40036BC9C /* Project object */;
}
