// !$*UTF8*$!
{
	archiveVersion = 1;
	classes = {
	};
	objectVersion = 56;
	objects = {

/* Begin PBXBuildFile section */
		7F2272F12AADFAD40036BC9C /* AppDelegate.swift in Sources */ = {isa = PBXBuildFile; fileRef = 7F2272F02AADFAD40036BC9C /* AppDelegate.swift */; };
		7F2272F32AADFAD40036BC9C /* SceneDelegate.swift in Sources */ = {isa = PBXBuildFile; fileRef = 7F2272F22AADFAD40036BC9C /* SceneDelegate.swift */; };
		7F2272FD2AADFAD60036BC9C /* LaunchScreen.storyboard in Resources */ = {isa = PBXBuildFile; fileRef = 7F2272FB2AADFAD60036BC9C /* LaunchScreen.storyboard */; };
		7F2273072AADFBD70036BC9C /* AppCoordinator.swift in Sources */ = {isa = PBXBuildFile; fileRef = 7F2273062AADFBD70036BC9C /* AppCoordinator.swift */; };
		7F22730B2AADFBF60036BC9C /* Coordinator.swift in Sources */ = {isa = PBXBuildFile; fileRef = 7F22730A2AADFBF60036BC9C /* Coordinator.swift */; };
		7F2273102AADFDD10036BC9C /* LoginCoordinator.swift in Sources */ = {isa = PBXBuildFile; fileRef = 7F22730F2AADFDD10036BC9C /* LoginCoordinator.swift */; };
		7F2273122AADFE410036BC9C /* LoginViewModel.swift in Sources */ = {isa = PBXBuildFile; fileRef = 7F2273112AADFE410036BC9C /* LoginViewModel.swift */; };
		7F2273142AADFE960036BC9C /* LoginView.swift in Sources */ = {isa = PBXBuildFile; fileRef = 7F2273132AADFE960036BC9C /* LoginView.swift */; };
		7F24D11B2B5864E400B08945 /* JWT.swift in Sources */ = {isa = PBXBuildFile; fileRef = 7F24D11A2B5864E400B08945 /* JWT.swift */; };
		7F27BE682AFBEB56005E5E39 /* ProfileAndPoinView.swift in Sources */ = {isa = PBXBuildFile; fileRef = 7F27BE672AFBEB56005E5E39 /* ProfileAndPoinView.swift */; };
		7F27BE6A2AFBF902005E5E39 /* OtherElement.swift in Sources */ = {isa = PBXBuildFile; fileRef = 7F27BE692AFBF902005E5E39 /* OtherElement.swift */; };
		7F27BE6D2AFC0115005E5E39 /* BonusHistoryView.swift in Sources */ = {isa = PBXBuildFile; fileRef = 7F27BE6C2AFC0115005E5E39 /* BonusHistoryView.swift */; };
		7F27BE702AFC0128005E5E39 /* BonusHistoryViewModel.swift in Sources */ = {isa = PBXBuildFile; fileRef = 7F27BE6F2AFC0128005E5E39 /* BonusHistoryViewModel.swift */; };
		7F27BE722AFC0134005E5E39 /* BonusHistoryCoordinator.swift in Sources */ = {isa = PBXBuildFile; fileRef = 7F27BE712AFC0134005E5E39 /* BonusHistoryCoordinator.swift */; };
		7F27BE742AFC1439005E5E39 /* BonusHistory.swift in Sources */ = {isa = PBXBuildFile; fileRef = 7F27BE732AFC1439005E5E39 /* BonusHistory.swift */; };
		7F27BE782AFC1558005E5E39 /* SaleAndBonusInfo.swift in Sources */ = {isa = PBXBuildFile; fileRef = 7F27BE772AFC1558005E5E39 /* SaleAndBonusInfo.swift */; };
		7F27BE7A2AFC1705005E5E39 /* HistoryBonus.swift in Sources */ = {isa = PBXBuildFile; fileRef = 7F27BE792AFC1705005E5E39 /* HistoryBonus.swift */; };
		7F27BE802AFC1DB0005E5E39 /* Montserrat-Regular.ttf in Resources */ = {isa = PBXBuildFile; fileRef = 7F27BE7C2AFC1DB0005E5E39 /* Montserrat-Regular.ttf */; };
		7F27BE812AFC1DB0005E5E39 /* Montserrat-Medium.ttf in Resources */ = {isa = PBXBuildFile; fileRef = 7F27BE7D2AFC1DB0005E5E39 /* Montserrat-Medium.ttf */; };
		7F27BE822AFC1DB0005E5E39 /* Montserrat-Bold.ttf in Resources */ = {isa = PBXBuildFile; fileRef = 7F27BE7E2AFC1DB0005E5E39 /* Montserrat-Bold.ttf */; };
		7F27BE832AFC1DB0005E5E39 /* Montserrat-SemiBold.ttf in Resources */ = {isa = PBXBuildFile; fileRef = 7F27BE7F2AFC1DB0005E5E39 /* Montserrat-SemiBold.ttf */; };
		7F27BE862AFC2019005E5E39 /* ExtColor.swift in Sources */ = {isa = PBXBuildFile; fileRef = 7F27BE852AFC2019005E5E39 /* ExtColor.swift */; };
		7F27BE8F2AFEAAB2005E5E39 /* TabBarCoordinator.swift in Sources */ = {isa = PBXBuildFile; fileRef = 7F27BE8E2AFEAAB2005E5E39 /* TabBarCoordinator.swift */; };
		7F27BE912AFEAABB005E5E39 /* TabBarViewModel.swift in Sources */ = {isa = PBXBuildFile; fileRef = 7F27BE902AFEAABB005E5E39 /* TabBarViewModel.swift */; };
		7F27BE932AFEC771005E5E39 /* Agree.swift in Sources */ = {isa = PBXBuildFile; fileRef = 7F27BE922AFEC771005E5E39 /* Agree.swift */; };
		7F27BEA12B00093E005E5E39 /* Assets.xcassets in Resources */ = {isa = PBXBuildFile; fileRef = 7F27BEA02B00093E005E5E39 /* Assets.xcassets */; };
		7F27BEA52B0695A1005E5E39 /* CustomTabBarController.swift in Sources */ = {isa = PBXBuildFile; fileRef = 7F27BEA42B0695A1005E5E39 /* CustomTabBarController.swift */; };
		7F294BBA2B35AA340020C17E /* TopViewRegistration.swift in Sources */ = {isa = PBXBuildFile; fileRef = 7F294BB92B35AA340020C17E /* TopViewRegistration.swift */; };
		7F294BBC2B35AB540020C17E /* RegistationDetails.swift in Sources */ = {isa = PBXBuildFile; fileRef = 7F294BBB2B35AB540020C17E /* RegistationDetails.swift */; };
		7F294BBE2B35AE090020C17E /* ButtonRegistration.swift in Sources */ = {isa = PBXBuildFile; fileRef = 7F294BBD2B35AE090020C17E /* ButtonRegistration.swift */; };
		7F294BC22B35B0630020C17E /* TableReservation.swift in Sources */ = {isa = PBXBuildFile; fileRef = 7F294BC12B35B0630020C17E /* TableReservation.swift */; };
		7F294BC52B35B1450020C17E /* ApiManager.swift in Sources */ = {isa = PBXBuildFile; fileRef = 7F294BC42B35B1450020C17E /* ApiManager.swift */; };
		7F5A75832AE3AAF2006BD516 /* RegistrationView.swift in Sources */ = {isa = PBXBuildFile; fileRef = 7F5A75822AE3AAF2006BD516 /* RegistrationView.swift */; };
		7F5A75872AE3AB15006BD516 /* RegistrationViewModel.swift in Sources */ = {isa = PBXBuildFile; fileRef = 7F5A75862AE3AB15006BD516 /* RegistrationViewModel.swift */; };
		7F5A75892AE3AB23006BD516 /* RegistrationCoordinator.swift in Sources */ = {isa = PBXBuildFile; fileRef = 7F5A75882AE3AB23006BD516 /* RegistrationCoordinator.swift */; };
		7F5A758B2AE3AB70006BD516 /* CustomTextField.swift in Sources */ = {isa = PBXBuildFile; fileRef = 7F5A758A2AE3AB70006BD516 /* CustomTextField.swift */; };
		7F5A758D2AE3AF1B006BD516 /* MontserratText.swift in Sources */ = {isa = PBXBuildFile; fileRef = 7F5A758C2AE3AF1B006BD516 /* MontserratText.swift */; };
		7F5A759A2AE3C132006BD516 /* MainView.swift in Sources */ = {isa = PBXBuildFile; fileRef = 7F5A75992AE3C132006BD516 /* MainView.swift */; };
		7F5A759E2AE3C14C006BD516 /* MainViewModel.swift in Sources */ = {isa = PBXBuildFile; fileRef = 7F5A759D2AE3C14C006BD516 /* MainViewModel.swift */; };
		7F5A75A02AE3C156006BD516 /* MainCoordinator.swift in Sources */ = {isa = PBXBuildFile; fileRef = 7F5A759F2AE3C156006BD516 /* MainCoordinator.swift */; };
		7F5A75A32AE3C249006BD516 /* Sale.swift in Sources */ = {isa = PBXBuildFile; fileRef = 7F5A75A22AE3C249006BD516 /* Sale.swift */; };
		7F5A75A62AE3C277006BD516 /* TopView.swift in Sources */ = {isa = PBXBuildFile; fileRef = 7F5A75A52AE3C277006BD516 /* TopView.swift */; };
		7F5A75A82AE3C2D0006BD516 /* PointView.swift in Sources */ = {isa = PBXBuildFile; fileRef = 7F5A75A72AE3C2D0006BD516 /* PointView.swift */; };
		7F5A75AA2AE3F187006BD516 /* SaleSubView.swift in Sources */ = {isa = PBXBuildFile; fileRef = 7F5A75A92AE3F187006BD516 /* SaleSubView.swift */; };
		7F5A75B62AE4FF42006BD516 /* SaleView.swift in Sources */ = {isa = PBXBuildFile; fileRef = 7F5A75B52AE4FF42006BD516 /* SaleView.swift */; };
		7F5A75B82AE4FF71006BD516 /* SaleViewModel.swift in Sources */ = {isa = PBXBuildFile; fileRef = 7F5A75B72AE4FF71006BD516 /* SaleViewModel.swift */; };
		7F5A75BA2AE4FF7A006BD516 /* SaleCoordinator.swift in Sources */ = {isa = PBXBuildFile; fileRef = 7F5A75B92AE4FF7A006BD516 /* SaleCoordinator.swift */; };
		7F5A75BF2AE505C5006BD516 /* SaleScrollView.swift in Sources */ = {isa = PBXBuildFile; fileRef = 7F5A75BE2AE505C4006BD516 /* SaleScrollView.swift */; };
		7F69846E2AED9DEF0017720B /* TableView.swift in Sources */ = {isa = PBXBuildFile; fileRef = 7F69846D2AED9DEF0017720B /* TableView.swift */; };
		7F6984722AED9E130017720B /* TableViewModel.swift in Sources */ = {isa = PBXBuildFile; fileRef = 7F6984712AED9E130017720B /* TableViewModel.swift */; };
		7F6984742AED9E1F0017720B /* TableCoordinator.swift in Sources */ = {isa = PBXBuildFile; fileRef = 7F6984732AED9E1F0017720B /* TableCoordinator.swift */; };
		7F6984762AEDA32E0017720B /* DatePickerView.swift in Sources */ = {isa = PBXBuildFile; fileRef = 7F6984752AEDA32E0017720B /* DatePickerView.swift */; };
		7F6984782AEE37F00017720B /* PickerPeopleCountView.swift in Sources */ = {isa = PBXBuildFile; fileRef = 7F6984772AEE37F00017720B /* PickerPeopleCountView.swift */; };
		7F69847A2AEE3E320017720B /* WishesTextEditor.swift in Sources */ = {isa = PBXBuildFile; fileRef = 7F6984792AEE3E320017720B /* WishesTextEditor.swift */; };
		7F6984892AEE47B20017720B /* MenuView.swift in Sources */ = {isa = PBXBuildFile; fileRef = 7F6984882AEE47B20017720B /* MenuView.swift */; };
		7F69848B2AEE47BD0017720B /* MenuViewModel.swift in Sources */ = {isa = PBXBuildFile; fileRef = 7F69848A2AEE47BD0017720B /* MenuViewModel.swift */; };
		7F69848D2AEE47C60017720B /* MenuCoordinator.swift in Sources */ = {isa = PBXBuildFile; fileRef = 7F69848C2AEE47C60017720B /* MenuCoordinator.swift */; };
		7F69848F2AEE4FE40017720B /* MenuCategoriesView.swift in Sources */ = {isa = PBXBuildFile; fileRef = 7F69848E2AEE4FE40017720B /* MenuCategoriesView.swift */; };
		7F6984912AF26CE40017720B /* TeaAndHookahType.swift in Sources */ = {isa = PBXBuildFile; fileRef = 7F6984902AF26CE40017720B /* TeaAndHookahType.swift */; };
		7F6984932AF26D7B0017720B /* MenuEnums.swift in Sources */ = {isa = PBXBuildFile; fileRef = 7F6984922AF26D7B0017720B /* MenuEnums.swift */; };
		7F6984952AF57D6A0017720B /* MenuProduct.swift in Sources */ = {isa = PBXBuildFile; fileRef = 7F6984942AF57D6A0017720B /* MenuProduct.swift */; };
		7F6984972AF57E040017720B /* Menu.swift in Sources */ = {isa = PBXBuildFile; fileRef = 7F6984962AF57E040017720B /* Menu.swift */; };
		7F69849A2AF586CE0017720B /* OtherView.swift in Sources */ = {isa = PBXBuildFile; fileRef = 7F6984992AF586CE0017720B /* OtherView.swift */; };
		7F69849E2AF586E90017720B /* OtherViewModel.swift in Sources */ = {isa = PBXBuildFile; fileRef = 7F69849D2AF586E90017720B /* OtherViewModel.swift */; };
		7F6984A02AF586FD0017720B /* OtherCoordinator.swift in Sources */ = {isa = PBXBuildFile; fileRef = 7F69849F2AF586FD0017720B /* OtherCoordinator.swift */; };
		7F8719DF2B4A95BD0016249F /* ExtDate.swift in Sources */ = {isa = PBXBuildFile; fileRef = 7F8719DE2B4A95BD0016249F /* ExtDate.swift */; };
		7F8719E12B4ADC060016249F /* User.swift in Sources */ = {isa = PBXBuildFile; fileRef = 7F8719E02B4ADC060016249F /* User.swift */; };
		7F93EB512B6689AE007168DB /* InfoReservationView.swift in Sources */ = {isa = PBXBuildFile; fileRef = 7F93EB502B6689AE007168DB /* InfoReservationView.swift */; };
		7FA039A72B41615B000F2388 /* Alamofire in Frameworks */ = {isa = PBXBuildFile; productRef = 7FA039A62B41615B000F2388 /* Alamofire */; };
		7FD313922B57EFDE008C2EEA /* SwiftKeychainWrapper in Frameworks */ = {isa = PBXBuildFile; productRef = 7FD313912B57EFDE008C2EEA /* SwiftKeychainWrapper */; };
		7FE809612B570C0F00B94633 /* KeychainHelper.swift in Sources */ = {isa = PBXBuildFile; fileRef = 7FE809602B570C0F00B94633 /* KeychainHelper.swift */; };
		7FE809632B57113400B94633 /* Token.swift in Sources */ = {isa = PBXBuildFile; fileRef = 7FE809622B57113400B94633 /* Token.swift */; };
		7FF20CA12B53CAF100753065 /* FeedbackView.swift in Sources */ = {isa = PBXBuildFile; fileRef = 7FF20CA02B53CAF100753065 /* FeedbackView.swift */; };
/* End PBXBuildFile section */

/* Begin PBXFileReference section */
		7F2272ED2AADFAD40036BC9C /* InfernoLounge.app */ = {isa = PBXFileReference; explicitFileType = wrapper.application; includeInIndex = 0; path = InfernoLounge.app; sourceTree = BUILT_PRODUCTS_DIR; };
		7F2272F02AADFAD40036BC9C /* AppDelegate.swift */ = {isa = PBXFileReference; lastKnownFileType = sourcecode.swift; path = AppDelegate.swift; sourceTree = "<group>"; };
		7F2272F22AADFAD40036BC9C /* SceneDelegate.swift */ = {isa = PBXFileReference; lastKnownFileType = sourcecode.swift; path = SceneDelegate.swift; sourceTree = "<group>"; };
		7F2272FC2AADFAD60036BC9C /* Base */ = {isa = PBXFileReference; lastKnownFileType = file.storyboard; name = Base; path = Base.lproj/LaunchScreen.storyboard; sourceTree = "<group>"; };
		7F2272FE2AADFAD60036BC9C /* Info.plist */ = {isa = PBXFileReference; lastKnownFileType = text.plist.xml; path = Info.plist; sourceTree = "<group>"; };
		7F2273062AADFBD70036BC9C /* AppCoordinator.swift */ = {isa = PBXFileReference; lastKnownFileType = sourcecode.swift; path = AppCoordinator.swift; sourceTree = "<group>"; };
		7F22730A2AADFBF60036BC9C /* Coordinator.swift */ = {isa = PBXFileReference; lastKnownFileType = sourcecode.swift; path = Coordinator.swift; sourceTree = "<group>"; };
		7F22730F2AADFDD10036BC9C /* LoginCoordinator.swift */ = {isa = PBXFileReference; lastKnownFileType = sourcecode.swift; path = LoginCoordinator.swift; sourceTree = "<group>"; };
		7F2273112AADFE410036BC9C /* LoginViewModel.swift */ = {isa = PBXFileReference; lastKnownFileType = sourcecode.swift; path = LoginViewModel.swift; sourceTree = "<group>"; };
		7F2273132AADFE960036BC9C /* LoginView.swift */ = {isa = PBXFileReference; lastKnownFileType = sourcecode.swift; path = LoginView.swift; sourceTree = "<group>"; };
		7F24D11A2B5864E400B08945 /* JWT.swift */ = {isa = PBXFileReference; lastKnownFileType = sourcecode.swift; path = JWT.swift; sourceTree = "<group>"; };
		7F27BE672AFBEB56005E5E39 /* ProfileAndPoinView.swift */ = {isa = PBXFileReference; lastKnownFileType = sourcecode.swift; path = ProfileAndPoinView.swift; sourceTree = "<group>"; };
		7F27BE692AFBF902005E5E39 /* OtherElement.swift */ = {isa = PBXFileReference; lastKnownFileType = sourcecode.swift; path = OtherElement.swift; sourceTree = "<group>"; };
		7F27BE6C2AFC0115005E5E39 /* BonusHistoryView.swift */ = {isa = PBXFileReference; lastKnownFileType = sourcecode.swift; path = BonusHistoryView.swift; sourceTree = "<group>"; };
		7F27BE6F2AFC0128005E5E39 /* BonusHistoryViewModel.swift */ = {isa = PBXFileReference; lastKnownFileType = sourcecode.swift; path = BonusHistoryViewModel.swift; sourceTree = "<group>"; };
		7F27BE712AFC0134005E5E39 /* BonusHistoryCoordinator.swift */ = {isa = PBXFileReference; lastKnownFileType = sourcecode.swift; path = BonusHistoryCoordinator.swift; sourceTree = "<group>"; };
		7F27BE732AFC1439005E5E39 /* BonusHistory.swift */ = {isa = PBXFileReference; lastKnownFileType = sourcecode.swift; path = BonusHistory.swift; sourceTree = "<group>"; };
		7F27BE772AFC1558005E5E39 /* SaleAndBonusInfo.swift */ = {isa = PBXFileReference; lastKnownFileType = sourcecode.swift; path = SaleAndBonusInfo.swift; sourceTree = "<group>"; };
		7F27BE792AFC1705005E5E39 /* HistoryBonus.swift */ = {isa = PBXFileReference; lastKnownFileType = sourcecode.swift; path = HistoryBonus.swift; sourceTree = "<group>"; };
		7F27BE7C2AFC1DB0005E5E39 /* Montserrat-Regular.ttf */ = {isa = PBXFileReference; lastKnownFileType = file; path = "Montserrat-Regular.ttf"; sourceTree = "<group>"; };
		7F27BE7D2AFC1DB0005E5E39 /* Montserrat-Medium.ttf */ = {isa = PBXFileReference; lastKnownFileType = file; path = "Montserrat-Medium.ttf"; sourceTree = "<group>"; };
		7F27BE7E2AFC1DB0005E5E39 /* Montserrat-Bold.ttf */ = {isa = PBXFileReference; lastKnownFileType = file; path = "Montserrat-Bold.ttf"; sourceTree = "<group>"; };
		7F27BE7F2AFC1DB0005E5E39 /* Montserrat-SemiBold.ttf */ = {isa = PBXFileReference; lastKnownFileType = file; path = "Montserrat-SemiBold.ttf"; sourceTree = "<group>"; };
		7F27BE852AFC2019005E5E39 /* ExtColor.swift */ = {isa = PBXFileReference; lastKnownFileType = sourcecode.swift; path = ExtColor.swift; sourceTree = "<group>"; };
		7F27BE8E2AFEAAB2005E5E39 /* TabBarCoordinator.swift */ = {isa = PBXFileReference; lastKnownFileType = sourcecode.swift; path = TabBarCoordinator.swift; sourceTree = "<group>"; };
		7F27BE902AFEAABB005E5E39 /* TabBarViewModel.swift */ = {isa = PBXFileReference; lastKnownFileType = sourcecode.swift; path = TabBarViewModel.swift; sourceTree = "<group>"; };
		7F27BE922AFEC771005E5E39 /* Agree.swift */ = {isa = PBXFileReference; lastKnownFileType = sourcecode.swift; path = Agree.swift; sourceTree = "<group>"; };
		7F27BEA02B00093E005E5E39 /* Assets.xcassets */ = {isa = PBXFileReference; lastKnownFileType = folder.assetcatalog; path = Assets.xcassets; sourceTree = "<group>"; };
		7F27BEA42B0695A1005E5E39 /* CustomTabBarController.swift */ = {isa = PBXFileReference; lastKnownFileType = sourcecode.swift; path = CustomTabBarController.swift; sourceTree = "<group>"; };
		7F294BB92B35AA340020C17E /* TopViewRegistration.swift */ = {isa = PBXFileReference; lastKnownFileType = sourcecode.swift; path = TopViewRegistration.swift; sourceTree = "<group>"; };
		7F294BBB2B35AB540020C17E /* RegistationDetails.swift */ = {isa = PBXFileReference; lastKnownFileType = sourcecode.swift; path = RegistationDetails.swift; sourceTree = "<group>"; };
		7F294BBD2B35AE090020C17E /* ButtonRegistration.swift */ = {isa = PBXFileReference; lastKnownFileType = sourcecode.swift; path = ButtonRegistration.swift; sourceTree = "<group>"; };
		7F294BC12B35B0630020C17E /* TableReservation.swift */ = {isa = PBXFileReference; lastKnownFileType = sourcecode.swift; path = TableReservation.swift; sourceTree = "<group>"; };
		7F294BC42B35B1450020C17E /* ApiManager.swift */ = {isa = PBXFileReference; lastKnownFileType = sourcecode.swift; path = ApiManager.swift; sourceTree = "<group>"; };
		7F5A75822AE3AAF2006BD516 /* RegistrationView.swift */ = {isa = PBXFileReference; lastKnownFileType = sourcecode.swift; path = RegistrationView.swift; sourceTree = "<group>"; };
		7F5A75862AE3AB15006BD516 /* RegistrationViewModel.swift */ = {isa = PBXFileReference; lastKnownFileType = sourcecode.swift; path = RegistrationViewModel.swift; sourceTree = "<group>"; };
		7F5A75882AE3AB23006BD516 /* RegistrationCoordinator.swift */ = {isa = PBXFileReference; lastKnownFileType = sourcecode.swift; path = RegistrationCoordinator.swift; sourceTree = "<group>"; };
		7F5A758A2AE3AB70006BD516 /* CustomTextField.swift */ = {isa = PBXFileReference; lastKnownFileType = sourcecode.swift; path = CustomTextField.swift; sourceTree = "<group>"; };
		7F5A758C2AE3AF1B006BD516 /* MontserratText.swift */ = {isa = PBXFileReference; lastKnownFileType = sourcecode.swift; path = MontserratText.swift; sourceTree = "<group>"; };
		7F5A75992AE3C132006BD516 /* MainView.swift */ = {isa = PBXFileReference; lastKnownFileType = sourcecode.swift; path = MainView.swift; sourceTree = "<group>"; };
		7F5A759D2AE3C14C006BD516 /* MainViewModel.swift */ = {isa = PBXFileReference; lastKnownFileType = sourcecode.swift; path = MainViewModel.swift; sourceTree = "<group>"; };
		7F5A759F2AE3C156006BD516 /* MainCoordinator.swift */ = {isa = PBXFileReference; lastKnownFileType = sourcecode.swift; path = MainCoordinator.swift; sourceTree = "<group>"; };
		7F5A75A22AE3C249006BD516 /* Sale.swift */ = {isa = PBXFileReference; lastKnownFileType = sourcecode.swift; path = Sale.swift; sourceTree = "<group>"; };
		7F5A75A52AE3C277006BD516 /* TopView.swift */ = {isa = PBXFileReference; lastKnownFileType = sourcecode.swift; path = TopView.swift; sourceTree = "<group>"; };
		7F5A75A72AE3C2D0006BD516 /* PointView.swift */ = {isa = PBXFileReference; lastKnownFileType = sourcecode.swift; path = PointView.swift; sourceTree = "<group>"; };
		7F5A75A92AE3F187006BD516 /* SaleSubView.swift */ = {isa = PBXFileReference; lastKnownFileType = sourcecode.swift; path = SaleSubView.swift; sourceTree = "<group>"; };
		7F5A75B52AE4FF42006BD516 /* SaleView.swift */ = {isa = PBXFileReference; lastKnownFileType = sourcecode.swift; path = SaleView.swift; sourceTree = "<group>"; };
		7F5A75B72AE4FF71006BD516 /* SaleViewModel.swift */ = {isa = PBXFileReference; lastKnownFileType = sourcecode.swift; path = SaleViewModel.swift; sourceTree = "<group>"; };
		7F5A75B92AE4FF7A006BD516 /* SaleCoordinator.swift */ = {isa = PBXFileReference; lastKnownFileType = sourcecode.swift; path = SaleCoordinator.swift; sourceTree = "<group>"; };
		7F5A75BE2AE505C4006BD516 /* SaleScrollView.swift */ = {isa = PBXFileReference; lastKnownFileType = sourcecode.swift; path = SaleScrollView.swift; sourceTree = "<group>"; };
		7F69846D2AED9DEF0017720B /* TableView.swift */ = {isa = PBXFileReference; lastKnownFileType = sourcecode.swift; path = TableView.swift; sourceTree = "<group>"; };
		7F6984712AED9E130017720B /* TableViewModel.swift */ = {isa = PBXFileReference; lastKnownFileType = sourcecode.swift; path = TableViewModel.swift; sourceTree = "<group>"; };
		7F6984732AED9E1F0017720B /* TableCoordinator.swift */ = {isa = PBXFileReference; lastKnownFileType = sourcecode.swift; path = TableCoordinator.swift; sourceTree = "<group>"; };
		7F6984752AEDA32E0017720B /* DatePickerView.swift */ = {isa = PBXFileReference; lastKnownFileType = sourcecode.swift; path = DatePickerView.swift; sourceTree = "<group>"; };
		7F6984772AEE37F00017720B /* PickerPeopleCountView.swift */ = {isa = PBXFileReference; lastKnownFileType = sourcecode.swift; path = PickerPeopleCountView.swift; sourceTree = "<group>"; };
		7F6984792AEE3E320017720B /* WishesTextEditor.swift */ = {isa = PBXFileReference; lastKnownFileType = sourcecode.swift; path = WishesTextEditor.swift; sourceTree = "<group>"; };
		7F6984882AEE47B20017720B /* MenuView.swift */ = {isa = PBXFileReference; lastKnownFileType = sourcecode.swift; path = MenuView.swift; sourceTree = "<group>"; };
		7F69848A2AEE47BD0017720B /* MenuViewModel.swift */ = {isa = PBXFileReference; lastKnownFileType = sourcecode.swift; path = MenuViewModel.swift; sourceTree = "<group>"; };
		7F69848C2AEE47C60017720B /* MenuCoordinator.swift */ = {isa = PBXFileReference; lastKnownFileType = sourcecode.swift; path = MenuCoordinator.swift; sourceTree = "<group>"; };
		7F69848E2AEE4FE40017720B /* MenuCategoriesView.swift */ = {isa = PBXFileReference; lastKnownFileType = sourcecode.swift; path = MenuCategoriesView.swift; sourceTree = "<group>"; };
		7F6984902AF26CE40017720B /* TeaAndHookahType.swift */ = {isa = PBXFileReference; lastKnownFileType = sourcecode.swift; path = TeaAndHookahType.swift; sourceTree = "<group>"; };
		7F6984922AF26D7B0017720B /* MenuEnums.swift */ = {isa = PBXFileReference; lastKnownFileType = sourcecode.swift; path = MenuEnums.swift; sourceTree = "<group>"; };
		7F6984942AF57D6A0017720B /* MenuProduct.swift */ = {isa = PBXFileReference; lastKnownFileType = sourcecode.swift; path = MenuProduct.swift; sourceTree = "<group>"; };
		7F6984962AF57E040017720B /* Menu.swift */ = {isa = PBXFileReference; lastKnownFileType = sourcecode.swift; path = Menu.swift; sourceTree = "<group>"; };
		7F6984992AF586CE0017720B /* OtherView.swift */ = {isa = PBXFileReference; lastKnownFileType = sourcecode.swift; path = OtherView.swift; sourceTree = "<group>"; };
		7F69849D2AF586E90017720B /* OtherViewModel.swift */ = {isa = PBXFileReference; lastKnownFileType = sourcecode.swift; path = OtherViewModel.swift; sourceTree = "<group>"; };
		7F69849F2AF586FD0017720B /* OtherCoordinator.swift */ = {isa = PBXFileReference; lastKnownFileType = sourcecode.swift; path = OtherCoordinator.swift; sourceTree = "<group>"; };
		7F8719DE2B4A95BD0016249F /* ExtDate.swift */ = {isa = PBXFileReference; lastKnownFileType = sourcecode.swift; path = ExtDate.swift; sourceTree = "<group>"; };
		7F8719E02B4ADC060016249F /* User.swift */ = {isa = PBXFileReference; lastKnownFileType = sourcecode.swift; path = User.swift; sourceTree = "<group>"; };
		7F93EB502B6689AE007168DB /* InfoReservationView.swift */ = {isa = PBXFileReference; lastKnownFileType = sourcecode.swift; path = InfoReservationView.swift; sourceTree = "<group>"; };
		7FE809602B570C0F00B94633 /* KeychainHelper.swift */ = {isa = PBXFileReference; lastKnownFileType = sourcecode.swift; path = KeychainHelper.swift; sourceTree = "<group>"; };
		7FE809622B57113400B94633 /* Token.swift */ = {isa = PBXFileReference; lastKnownFileType = sourcecode.swift; path = Token.swift; sourceTree = "<group>"; };
		7FF20CA02B53CAF100753065 /* FeedbackView.swift */ = {isa = PBXFileReference; lastKnownFileType = sourcecode.swift; path = FeedbackView.swift; sourceTree = "<group>"; };
/* End PBXFileReference section */

/* Begin PBXFrameworksBuildPhase section */
		7F2272EA2AADFAD40036BC9C /* Frameworks */ = {
			isa = PBXFrameworksBuildPhase;
			buildActionMask = 2147483647;
			files = (
				7FD313922B57EFDE008C2EEA /* SwiftKeychainWrapper in Frameworks */,
				7FA039A72B41615B000F2388 /* Alamofire in Frameworks */,
			);
			runOnlyForDeploymentPostprocessing = 0;
		};
/* End PBXFrameworksBuildPhase section */

/* Begin PBXGroup section */
		7F2272E42AADFAD40036BC9C = {
			isa = PBXGroup;
			children = (
				7F2272EF2AADFAD40036BC9C /* InfernoLounge */,
				7F2272EE2AADFAD40036BC9C /* Products */,
			);
			sourceTree = "<group>";
		};
		7F2272EE2AADFAD40036BC9C /* Products */ = {
			isa = PBXGroup;
			children = (
				7F2272ED2AADFAD40036BC9C /* InfernoLounge.app */,
			);
			name = Products;
			sourceTree = "<group>";
		};
		7F2272EF2AADFAD40036BC9C /* InfernoLounge */ = {
			isa = PBXGroup;
			children = (
				7F5A75A12AE3C23C006BD516 /* Model */,
				7F27BE8D2AFEAA9E005E5E39 /* TabBar */,
				7F2273052AADFB990036BC9C /* Login */,
				7F5A75812AE3AA95006BD516 /* Registration */,
				7F5A75982AE3C122006BD516 /* Main */,
				7F5A75B42AE4FF35006BD516 /* SaleView */,
				7F69846C2AED9DDE0017720B /* Table */,
				7F6984852AEE47730017720B /* Menu */,
				7F6984982AF586BA0017720B /* Other */,
				7F27BE6B2AFC00FF005E5E39 /* BonusHistory */,
				7F2273082AADFBDB0036BC9C /* Common */,
				7F2273042AADFB8E0036BC9C /* SupportingFiles */,
				7F2272FE2AADFAD60036BC9C /* Info.plist */,
			);
			path = InfernoLounge;
			sourceTree = "<group>";
		};
		7F2273042AADFB8E0036BC9C /* SupportingFiles */ = {
			isa = PBXGroup;
			children = (
				7F27BE7B2AFC1CC1005E5E39 /* Font */,
				7F2272F02AADFAD40036BC9C /* AppDelegate.swift */,
				7F2272F22AADFAD40036BC9C /* SceneDelegate.swift */,
				7F27BEA02B00093E005E5E39 /* Assets.xcassets */,
				7F2272FB2AADFAD60036BC9C /* LaunchScreen.storyboard */,
				7F2273062AADFBD70036BC9C /* AppCoordinator.swift */,
			);
			path = SupportingFiles;
			sourceTree = "<group>";
		};
		7F2273052AADFB990036BC9C /* Login */ = {
			isa = PBXGroup;
			children = (
				7F22730C2AADFDAE0036BC9C /* View */,
				7F22730D2AADFDB70036BC9C /* ViewModel */,
				7F22730F2AADFDD10036BC9C /* LoginCoordinator.swift */,
			);
			path = Login;
			sourceTree = "<group>";
		};
		7F2273082AADFBDB0036BC9C /* Common */ = {
			isa = PBXGroup;
			children = (
				7F294BC32B35B1390020C17E /* API */,
				7F27BE842AFC2009005E5E39 /* Ext */,
				7F2273092AADFBE50036BC9C /* Protocols */,
				7F5A758A2AE3AB70006BD516 /* CustomTextField.swift */,
				7F5A758C2AE3AF1B006BD516 /* MontserratText.swift */,
				7FE809602B570C0F00B94633 /* KeychainHelper.swift */,
			);
			path = Common;
			sourceTree = "<group>";
		};
		7F2273092AADFBE50036BC9C /* Protocols */ = {
			isa = PBXGroup;
			children = (
				7F22730A2AADFBF60036BC9C /* Coordinator.swift */,
			);
			path = Protocols;
			sourceTree = "<group>";
		};
		7F22730C2AADFDAE0036BC9C /* View */ = {
			isa = PBXGroup;
			children = (
				7F2273132AADFE960036BC9C /* LoginView.swift */,
			);
			path = View;
			sourceTree = "<group>";
		};
		7F22730D2AADFDB70036BC9C /* ViewModel */ = {
			isa = PBXGroup;
			children = (
				7F2273112AADFE410036BC9C /* LoginViewModel.swift */,
			);
			path = ViewModel;
			sourceTree = "<group>";
		};
		7F27BE642AFBEB31005E5E39 /* SubViews */ = {
			isa = PBXGroup;
			children = (
				7F27BE672AFBEB56005E5E39 /* ProfileAndPoinView.swift */,
				7F27BE692AFBF902005E5E39 /* OtherElement.swift */,
				7FF20CA02B53CAF100753065 /* FeedbackView.swift */,
			);
			path = SubViews;
			sourceTree = "<group>";
		};
		7F27BE6B2AFC00FF005E5E39 /* BonusHistory */ = {
			isa = PBXGroup;
			children = (
				7F27BE762AFC1534005E5E39 /* View */,
				7F27BE6E2AFC0118005E5E39 /* ViewModel */,
				7F27BE712AFC0134005E5E39 /* BonusHistoryCoordinator.swift */,
			);
			path = BonusHistory;
			sourceTree = "<group>";
		};
		7F27BE6E2AFC0118005E5E39 /* ViewModel */ = {
			isa = PBXGroup;
			children = (
				7F27BE6F2AFC0128005E5E39 /* BonusHistoryViewModel.swift */,
			);
			path = ViewModel;
			sourceTree = "<group>";
		};
		7F27BE752AFC1521005E5E39 /* SubViews */ = {
			isa = PBXGroup;
			children = (
				7F27BE772AFC1558005E5E39 /* SaleAndBonusInfo.swift */,
				7F27BE792AFC1705005E5E39 /* HistoryBonus.swift */,
			);
			path = SubViews;
			sourceTree = "<group>";
		};
		7F27BE762AFC1534005E5E39 /* View */ = {
			isa = PBXGroup;
			children = (
				7F27BE6C2AFC0115005E5E39 /* BonusHistoryView.swift */,
				7F27BE752AFC1521005E5E39 /* SubViews */,
			);
			path = View;
			sourceTree = "<group>";
		};
		7F27BE7B2AFC1CC1005E5E39 /* Font */ = {
			isa = PBXGroup;
			children = (
				7F27BE7E2AFC1DB0005E5E39 /* Montserrat-Bold.ttf */,
				7F27BE7D2AFC1DB0005E5E39 /* Montserrat-Medium.ttf */,
				7F27BE7C2AFC1DB0005E5E39 /* Montserrat-Regular.ttf */,
				7F27BE7F2AFC1DB0005E5E39 /* Montserrat-SemiBold.ttf */,
			);
			path = Font;
			sourceTree = "<group>";
		};
		7F27BE842AFC2009005E5E39 /* Ext */ = {
			isa = PBXGroup;
			children = (
				7F27BE852AFC2019005E5E39 /* ExtColor.swift */,
				7F8719DE2B4A95BD0016249F /* ExtDate.swift */,
			);
			path = Ext;
			sourceTree = "<group>";
		};
		7F27BE8D2AFEAA9E005E5E39 /* TabBar */ = {
			isa = PBXGroup;
			children = (
				7F27BEA62B069F2E005E5E39 /* ViewModel */,
				7F27BEA72B069F3C005E5E39 /* View */,
				7F27BE8E2AFEAAB2005E5E39 /* TabBarCoordinator.swift */,
			);
			path = TabBar;
			sourceTree = "<group>";
		};
		7F27BE9B2AFECDEC005E5E39 /* SubView */ = {
			isa = PBXGroup;
			children = (
				7F294BB92B35AA340020C17E /* TopViewRegistration.swift */,
				7F294BBB2B35AB540020C17E /* RegistationDetails.swift */,
				7F27BE922AFEC771005E5E39 /* Agree.swift */,
				7F294BBD2B35AE090020C17E /* ButtonRegistration.swift */,
			);
			path = SubView;
			sourceTree = "<group>";
		};
		7F27BEA62B069F2E005E5E39 /* ViewModel */ = {
			isa = PBXGroup;
			children = (
				7F27BE902AFEAABB005E5E39 /* TabBarViewModel.swift */,
			);
			path = ViewModel;
			sourceTree = "<group>";
		};
		7F27BEA72B069F3C005E5E39 /* View */ = {
			isa = PBXGroup;
			children = (
				7F27BEA42B0695A1005E5E39 /* CustomTabBarController.swift */,
			);
			path = View;
			sourceTree = "<group>";
		};
		7F294BC32B35B1390020C17E /* API */ = {
			isa = PBXGroup;
			children = (
				7F294BC42B35B1450020C17E /* ApiManager.swift */,
			);
			path = API;
			sourceTree = "<group>";
		};
		7F5A75812AE3AA95006BD516 /* Registration */ = {
			isa = PBXGroup;
			children = (
				7F5A75842AE3AAF7006BD516 /* View */,
				7F5A75852AE3AAFC006BD516 /* ViewModel */,
				7F5A75882AE3AB23006BD516 /* RegistrationCoordinator.swift */,
			);
			path = Registration;
			sourceTree = "<group>";
		};
		7F5A75842AE3AAF7006BD516 /* View */ = {
			isa = PBXGroup;
			children = (
				7F5A75822AE3AAF2006BD516 /* RegistrationView.swift */,
				7F27BE9B2AFECDEC005E5E39 /* SubView */,
			);
			path = View;
			sourceTree = "<group>";
		};
		7F5A75852AE3AAFC006BD516 /* ViewModel */ = {
			isa = PBXGroup;
			children = (
				7F5A75862AE3AB15006BD516 /* RegistrationViewModel.swift */,
			);
			path = ViewModel;
			sourceTree = "<group>";
		};
		7F5A75982AE3C122006BD516 /* Main */ = {
			isa = PBXGroup;
			children = (
				7F5A759B2AE3C136006BD516 /* View */,
				7F5A759C2AE3C13E006BD516 /* ViewModel */,
				7F5A759F2AE3C156006BD516 /* MainCoordinator.swift */,
			);
			path = Main;
			sourceTree = "<group>";
		};
		7F5A759B2AE3C136006BD516 /* View */ = {
			isa = PBXGroup;
			children = (
				7F5A75992AE3C132006BD516 /* MainView.swift */,
				7F5A75A42AE3C26B006BD516 /* SubViews */,
			);
			path = View;
			sourceTree = "<group>";
		};
		7F5A759C2AE3C13E006BD516 /* ViewModel */ = {
			isa = PBXGroup;
			children = (
				7F5A759D2AE3C14C006BD516 /* MainViewModel.swift */,
			);
			path = ViewModel;
			sourceTree = "<group>";
		};
		7F5A75A12AE3C23C006BD516 /* Model */ = {
			isa = PBXGroup;
			children = (
				7F5A75A22AE3C249006BD516 /* Sale.swift */,
				7F6984962AF57E040017720B /* Menu.swift */,
				7F27BE732AFC1439005E5E39 /* BonusHistory.swift */,
				7F294BC12B35B0630020C17E /* TableReservation.swift */,
				7F8719E02B4ADC060016249F /* User.swift */,
				7FE809622B57113400B94633 /* Token.swift */,
				7F24D11A2B5864E400B08945 /* JWT.swift */,
			);
			path = Model;
			sourceTree = "<group>";
		};
		7F5A75A42AE3C26B006BD516 /* SubViews */ = {
			isa = PBXGroup;
			children = (
				7F5A75A52AE3C277006BD516 /* TopView.swift */,
				7F5A75A72AE3C2D0006BD516 /* PointView.swift */,
				7F5A75A92AE3F187006BD516 /* SaleSubView.swift */,
				7F93EB502B6689AE007168DB /* InfoReservationView.swift */,
			);
			path = SubViews;
			sourceTree = "<group>";
		};
		7F5A75B42AE4FF35006BD516 /* SaleView */ = {
			isa = PBXGroup;
			children = (
				7F5A75BB2AE504D9006BD516 /* View */,
				7F5A75BC2AE504DE006BD516 /* ViewModel */,
				7F5A75B92AE4FF7A006BD516 /* SaleCoordinator.swift */,
			);
			path = SaleView;
			sourceTree = "<group>";
		};
		7F5A75BB2AE504D9006BD516 /* View */ = {
			isa = PBXGroup;
			children = (
				7F5A75B52AE4FF42006BD516 /* SaleView.swift */,
				7F5A75BD2AE504E6006BD516 /* SubViews */,
			);
			path = View;
			sourceTree = "<group>";
		};
		7F5A75BC2AE504DE006BD516 /* ViewModel */ = {
			isa = PBXGroup;
			children = (
				7F5A75B72AE4FF71006BD516 /* SaleViewModel.swift */,
			);
			path = ViewModel;
			sourceTree = "<group>";
		};
		7F5A75BD2AE504E6006BD516 /* SubViews */ = {
			isa = PBXGroup;
			children = (
				7F5A75BE2AE505C4006BD516 /* SaleScrollView.swift */,
			);
			path = SubViews;
			sourceTree = "<group>";
		};
		7F69846C2AED9DDE0017720B /* Table */ = {
			isa = PBXGroup;
			children = (
				7F6984702AED9DFE0017720B /* View */,
				7F69846F2AED9DF40017720B /* TableViewModel */,
				7F6984732AED9E1F0017720B /* TableCoordinator.swift */,
			);
			path = Table;
			sourceTree = "<group>";
		};
		7F69846F2AED9DF40017720B /* TableViewModel */ = {
			isa = PBXGroup;
			children = (
				7F6984712AED9E130017720B /* TableViewModel.swift */,
			);
			path = TableViewModel;
			sourceTree = "<group>";
		};
		7F6984702AED9DFE0017720B /* View */ = {
			isa = PBXGroup;
			children = (
				7F69846D2AED9DEF0017720B /* TableView.swift */,
				7F69847B2AEE44830017720B /* SubViews */,
			);
			path = View;
			sourceTree = "<group>";
		};
		7F69847B2AEE44830017720B /* SubViews */ = {
			isa = PBXGroup;
			children = (
				7F6984752AEDA32E0017720B /* DatePickerView.swift */,
				7F6984772AEE37F00017720B /* PickerPeopleCountView.swift */,
				7F6984792AEE3E320017720B /* WishesTextEditor.swift */,
			);
			path = SubViews;
			sourceTree = "<group>";
		};
		7F6984852AEE47730017720B /* Menu */ = {
			isa = PBXGroup;
			children = (
				7F6984862AEE477C0017720B /* View */,
				7F6984872AEE47810017720B /* ViewModel */,
				7F69848C2AEE47C60017720B /* MenuCoordinator.swift */,
				7F6984922AF26D7B0017720B /* MenuEnums.swift */,
			);
			path = Menu;
			sourceTree = "<group>";
		};
		7F6984862AEE477C0017720B /* View */ = {
			isa = PBXGroup;
			children = (
				7F6984882AEE47B20017720B /* MenuView.swift */,
				7F69848E2AEE4FE40017720B /* MenuCategoriesView.swift */,
				7F6984902AF26CE40017720B /* TeaAndHookahType.swift */,
				7F6984942AF57D6A0017720B /* MenuProduct.swift */,
			);
			path = View;
			sourceTree = "<group>";
		};
		7F6984872AEE47810017720B /* ViewModel */ = {
			isa = PBXGroup;
			children = (
				7F69848A2AEE47BD0017720B /* MenuViewModel.swift */,
			);
			path = ViewModel;
			sourceTree = "<group>";
		};
		7F6984982AF586BA0017720B /* Other */ = {
			isa = PBXGroup;
			children = (
				7F69849B2AF586D20017720B /* View */,
				7F69849C2AF586D70017720B /* ViewModel */,
				7F69849F2AF586FD0017720B /* OtherCoordinator.swift */,
			);
			path = Other;
			sourceTree = "<group>";
		};
		7F69849B2AF586D20017720B /* View */ = {
			isa = PBXGroup;
			children = (
				7F6984992AF586CE0017720B /* OtherView.swift */,
				7F27BE642AFBEB31005E5E39 /* SubViews */,
			);
			path = View;
			sourceTree = "<group>";
		};
		7F69849C2AF586D70017720B /* ViewModel */ = {
			isa = PBXGroup;
			children = (
				7F69849D2AF586E90017720B /* OtherViewModel.swift */,
			);
			path = ViewModel;
			sourceTree = "<group>";
		};
/* End PBXGroup section */

/* Begin PBXNativeTarget section */
		7F2272EC2AADFAD40036BC9C /* InfernoLounge */ = {
			isa = PBXNativeTarget;
			buildConfigurationList = 7F2273012AADFAD60036BC9C /* Build configuration list for PBXNativeTarget "InfernoLounge" */;
			buildPhases = (
				7F2272E92AADFAD40036BC9C /* Sources */,
				7F2272EA2AADFAD40036BC9C /* Frameworks */,
				7F2272EB2AADFAD40036BC9C /* Resources */,
			);
			buildRules = (
			);
			dependencies = (
			);
			name = InfernoLounge;
			packageProductDependencies = (
				7FA039A62B41615B000F2388 /* Alamofire */,
				7FD313912B57EFDE008C2EEA /* SwiftKeychainWrapper */,
			);
			productName = InfernoLounge;
			productReference = 7F2272ED2AADFAD40036BC9C /* InfernoLounge.app */;
			productType = "com.apple.product-type.application";
		};
/* End PBXNativeTarget section */

/* Begin PBXProject section */
		7F2272E52AADFAD40036BC9C /* Project object */ = {
			isa = PBXProject;
			attributes = {
				BuildIndependentTargetsInParallel = 1;
				LastSwiftUpdateCheck = 1430;
				LastUpgradeCheck = 1430;
				TargetAttributes = {
					7F2272EC2AADFAD40036BC9C = {
						CreatedOnToolsVersion = 14.3.1;
					};
				};
			};
			buildConfigurationList = 7F2272E82AADFAD40036BC9C /* Build configuration list for PBXProject "InfernoLounge" */;
			compatibilityVersion = "Xcode 14.0";
			developmentRegion = en;
			hasScannedForEncodings = 0;
			knownRegions = (
				en,
				Base,
			);
			mainGroup = 7F2272E42AADFAD40036BC9C;
			packageReferences = (
				7FA039A52B41615B000F2388 /* XCRemoteSwiftPackageReference "Alamofire" */,
				7FD313902B57EFDE008C2EEA /* XCRemoteSwiftPackageReference "SwiftKeychainWrapper" */,
			);
			productRefGroup = 7F2272EE2AADFAD40036BC9C /* Products */;
			projectDirPath = "";
			projectRoot = "";
			targets = (
				7F2272EC2AADFAD40036BC9C /* InfernoLounge */,
			);
		};
/* End PBXProject section */

/* Begin PBXResourcesBuildPhase section */
		7F2272EB2AADFAD40036BC9C /* Resources */ = {
			isa = PBXResourcesBuildPhase;
			buildActionMask = 2147483647;
			files = (
				7F27BE832AFC1DB0005E5E39 /* Montserrat-SemiBold.ttf in Resources */,
				7F27BE822AFC1DB0005E5E39 /* Montserrat-Bold.ttf in Resources */,
				7F27BE802AFC1DB0005E5E39 /* Montserrat-Regular.ttf in Resources */,
				7F2272FD2AADFAD60036BC9C /* LaunchScreen.storyboard in Resources */,
				7F27BE812AFC1DB0005E5E39 /* Montserrat-Medium.ttf in Resources */,
				7F27BEA12B00093E005E5E39 /* Assets.xcassets in Resources */,
			);
			runOnlyForDeploymentPostprocessing = 0;
		};
/* End PBXResourcesBuildPhase section */

/* Begin PBXSourcesBuildPhase section */
		7F2272E92AADFAD40036BC9C /* Sources */ = {
			isa = PBXSourcesBuildPhase;
			buildActionMask = 2147483647;
			files = (
				7F24D11B2B5864E400B08945 /* JWT.swift in Sources */,
				7F27BE912AFEAABB005E5E39 /* TabBarViewModel.swift in Sources */,
				7F22730B2AADFBF60036BC9C /* Coordinator.swift in Sources */,
				7F27BEA52B0695A1005E5E39 /* CustomTabBarController.swift in Sources */,
				7F27BE862AFC2019005E5E39 /* ExtColor.swift in Sources */,
				7FE809612B570C0F00B94633 /* KeychainHelper.swift in Sources */,
				7F5A75BA2AE4FF7A006BD516 /* SaleCoordinator.swift in Sources */,
				7F6984952AF57D6A0017720B /* MenuProduct.swift in Sources */,
				7F6984892AEE47B20017720B /* MenuView.swift in Sources */,
				7F27BE8F2AFEAAB2005E5E39 /* TabBarCoordinator.swift in Sources */,
				7F27BE702AFC0128005E5E39 /* BonusHistoryViewModel.swift in Sources */,
				7F69848F2AEE4FE40017720B /* MenuCategoriesView.swift in Sources */,
				7F5A759A2AE3C132006BD516 /* MainView.swift in Sources */,
				7F5A758B2AE3AB70006BD516 /* CustomTextField.swift in Sources */,
				7F27BE7A2AFC1705005E5E39 /* HistoryBonus.swift in Sources */,
				7F5A75A82AE3C2D0006BD516 /* PointView.swift in Sources */,
				7F27BE6A2AFBF902005E5E39 /* OtherElement.swift in Sources */,
				7F69849A2AF586CE0017720B /* OtherView.swift in Sources */,
				7F5A75872AE3AB15006BD516 /* RegistrationViewModel.swift in Sources */,
				7F27BE932AFEC771005E5E39 /* Agree.swift in Sources */,
				7F69848D2AEE47C60017720B /* MenuCoordinator.swift in Sources */,
				7F69846E2AED9DEF0017720B /* TableView.swift in Sources */,
				7F2273142AADFE960036BC9C /* LoginView.swift in Sources */,
				7F294BC22B35B0630020C17E /* TableReservation.swift in Sources */,
				7F27BE722AFC0134005E5E39 /* BonusHistoryCoordinator.swift in Sources */,
				7F5A75B82AE4FF71006BD516 /* SaleViewModel.swift in Sources */,
				7F5A75892AE3AB23006BD516 /* RegistrationCoordinator.swift in Sources */,
				7F6984912AF26CE40017720B /* TeaAndHookahType.swift in Sources */,
				7F27BE742AFC1439005E5E39 /* BonusHistory.swift in Sources */,
				7F6984932AF26D7B0017720B /* MenuEnums.swift in Sources */,
				7F6984722AED9E130017720B /* TableViewModel.swift in Sources */,
				7FF20CA12B53CAF100753065 /* FeedbackView.swift in Sources */,
				7F2273072AADFBD70036BC9C /* AppCoordinator.swift in Sources */,
				7F6984782AEE37F00017720B /* PickerPeopleCountView.swift in Sources */,
				7F69849E2AF586E90017720B /* OtherViewModel.swift in Sources */,
				7F69848B2AEE47BD0017720B /* MenuViewModel.swift in Sources */,
				7F5A75BF2AE505C5006BD516 /* SaleScrollView.swift in Sources */,
				7F5A75A62AE3C277006BD516 /* TopView.swift in Sources */,
				7F6984762AEDA32E0017720B /* DatePickerView.swift in Sources */,
				7F93EB512B6689AE007168DB /* InfoReservationView.swift in Sources */,
				7FE809632B57113400B94633 /* Token.swift in Sources */,
				7F5A759E2AE3C14C006BD516 /* MainViewModel.swift in Sources */,
				7F5A75B62AE4FF42006BD516 /* SaleView.swift in Sources */,
				7F2273122AADFE410036BC9C /* LoginViewModel.swift in Sources */,
				7F27BE6D2AFC0115005E5E39 /* BonusHistoryView.swift in Sources */,
				7F69847A2AEE3E320017720B /* WishesTextEditor.swift in Sources */,
				7F2273102AADFDD10036BC9C /* LoginCoordinator.swift in Sources */,
				7F8719DF2B4A95BD0016249F /* ExtDate.swift in Sources */,
				7F294BC52B35B1450020C17E /* ApiManager.swift in Sources */,
				7F5A75AA2AE3F187006BD516 /* SaleSubView.swift in Sources */,
				7F6984972AF57E040017720B /* Menu.swift in Sources */,
				7F6984742AED9E1F0017720B /* TableCoordinator.swift in Sources */,
				7F5A75A32AE3C249006BD516 /* Sale.swift in Sources */,
				7F2272F12AADFAD40036BC9C /* AppDelegate.swift in Sources */,
				7F8719E12B4ADC060016249F /* User.swift in Sources */,
				7F294BBC2B35AB540020C17E /* RegistationDetails.swift in Sources */,
				7F5A758D2AE3AF1B006BD516 /* MontserratText.swift in Sources */,
				7F6984A02AF586FD0017720B /* OtherCoordinator.swift in Sources */,
				7F27BE682AFBEB56005E5E39 /* ProfileAndPoinView.swift in Sources */,
				7F294BBE2B35AE090020C17E /* ButtonRegistration.swift in Sources */,
				7F294BBA2B35AA340020C17E /* TopViewRegistration.swift in Sources */,
				7F27BE782AFC1558005E5E39 /* SaleAndBonusInfo.swift in Sources */,
				7F2272F32AADFAD40036BC9C /* SceneDelegate.swift in Sources */,
				7F5A75A02AE3C156006BD516 /* MainCoordinator.swift in Sources */,
				7F5A75832AE3AAF2006BD516 /* RegistrationView.swift in Sources */,
			);
			runOnlyForDeploymentPostprocessing = 0;
		};
/* End PBXSourcesBuildPhase section */

/* Begin PBXVariantGroup section */
		7F2272FB2AADFAD60036BC9C /* LaunchScreen.storyboard */ = {
			isa = PBXVariantGroup;
			children = (
				7F2272FC2AADFAD60036BC9C /* Base */,
			);
			name = LaunchScreen.storyboard;
			sourceTree = "<group>";
		};
/* End PBXVariantGroup section */

/* Begin XCBuildConfiguration section */
		7F2272FF2AADFAD60036BC9C /* Debug */ = {
			isa = XCBuildConfiguration;
			buildSettings = {
				ALWAYS_SEARCH_USER_PATHS = NO;
				CLANG_ANALYZER_NONNULL = YES;
				CLANG_ANALYZER_NUMBER_OBJECT_CONVERSION = YES_AGGRESSIVE;
				CLANG_CXX_LANGUAGE_STANDARD = "gnu++20";
				CLANG_ENABLE_MODULES = YES;
				CLANG_ENABLE_OBJC_ARC = YES;
				CLANG_ENABLE_OBJC_WEAK = YES;
				CLANG_WARN_BLOCK_CAPTURE_AUTORELEASING = YES;
				CLANG_WARN_BOOL_CONVERSION = YES;
				CLANG_WARN_COMMA = YES;
				CLANG_WARN_CONSTANT_CONVERSION = YES;
				CLANG_WARN_DEPRECATED_OBJC_IMPLEMENTATIONS = YES;
				CLANG_WARN_DIRECT_OBJC_ISA_USAGE = YES_ERROR;
				CLANG_WARN_DOCUMENTATION_COMMENTS = YES;
				CLANG_WARN_EMPTY_BODY = YES;
				CLANG_WARN_ENUM_CONVERSION = YES;
				CLANG_WARN_INFINITE_RECURSION = YES;
				CLANG_WARN_INT_CONVERSION = YES;
				CLANG_WARN_NON_LITERAL_NULL_CONVERSION = YES;
				CLANG_WARN_OBJC_IMPLICIT_RETAIN_SELF = YES;
				CLANG_WARN_OBJC_LITERAL_CONVERSION = YES;
				CLANG_WARN_OBJC_ROOT_CLASS = YES_ERROR;
				CLANG_WARN_QUOTED_INCLUDE_IN_FRAMEWORK_HEADER = YES;
				CLANG_WARN_RANGE_LOOP_ANALYSIS = YES;
				CLANG_WARN_STRICT_PROTOTYPES = YES;
				CLANG_WARN_SUSPICIOUS_MOVE = YES;
				CLANG_WARN_UNGUARDED_AVAILABILITY = YES_AGGRESSIVE;
				CLANG_WARN_UNREACHABLE_CODE = YES;
				CLANG_WARN__DUPLICATE_METHOD_MATCH = YES;
				COPY_PHASE_STRIP = NO;
				DEBUG_INFORMATION_FORMAT = dwarf;
				ENABLE_STRICT_OBJC_MSGSEND = YES;
				ENABLE_TESTABILITY = YES;
				GCC_C_LANGUAGE_STANDARD = gnu11;
				GCC_DYNAMIC_NO_PIC = NO;
				GCC_NO_COMMON_BLOCKS = YES;
				GCC_OPTIMIZATION_LEVEL = 0;
				GCC_PREPROCESSOR_DEFINITIONS = (
					"DEBUG=1",
					"$(inherited)",
				);
				GCC_WARN_64_TO_32_BIT_CONVERSION = YES;
				GCC_WARN_ABOUT_RETURN_TYPE = YES_ERROR;
				GCC_WARN_UNDECLARED_SELECTOR = YES;
				GCC_WARN_UNINITIALIZED_AUTOS = YES_AGGRESSIVE;
				GCC_WARN_UNUSED_FUNCTION = YES;
				GCC_WARN_UNUSED_VARIABLE = YES;
				IPHONEOS_DEPLOYMENT_TARGET = 17.0;
				MTL_ENABLE_DEBUG_INFO = INCLUDE_SOURCE;
				MTL_FAST_MATH = YES;
				ONLY_ACTIVE_ARCH = YES;
				SDKROOT = iphoneos;
				SWIFT_ACTIVE_COMPILATION_CONDITIONS = DEBUG;
				SWIFT_OPTIMIZATION_LEVEL = "-Onone";
			};
			name = Debug;
		};
		7F2273002AADFAD60036BC9C /* Release */ = {
			isa = XCBuildConfiguration;
			buildSettings = {
				ALWAYS_SEARCH_USER_PATHS = NO;
				CLANG_ANALYZER_NONNULL = YES;
				CLANG_ANALYZER_NUMBER_OBJECT_CONVERSION = YES_AGGRESSIVE;
				CLANG_CXX_LANGUAGE_STANDARD = "gnu++20";
				CLANG_ENABLE_MODULES = YES;
				CLANG_ENABLE_OBJC_ARC = YES;
				CLANG_ENABLE_OBJC_WEAK = YES;
				CLANG_WARN_BLOCK_CAPTURE_AUTORELEASING = YES;
				CLANG_WARN_BOOL_CONVERSION = YES;
				CLANG_WARN_COMMA = YES;
				CLANG_WARN_CONSTANT_CONVERSION = YES;
				CLANG_WARN_DEPRECATED_OBJC_IMPLEMENTATIONS = YES;
				CLANG_WARN_DIRECT_OBJC_ISA_USAGE = YES_ERROR;
				CLANG_WARN_DOCUMENTATION_COMMENTS = YES;
				CLANG_WARN_EMPTY_BODY = YES;
				CLANG_WARN_ENUM_CONVERSION = YES;
				CLANG_WARN_INFINITE_RECURSION = YES;
				CLANG_WARN_INT_CONVERSION = YES;
				CLANG_WARN_NON_LITERAL_NULL_CONVERSION = YES;
				CLANG_WARN_OBJC_IMPLICIT_RETAIN_SELF = YES;
				CLANG_WARN_OBJC_LITERAL_CONVERSION = YES;
				CLANG_WARN_OBJC_ROOT_CLASS = YES_ERROR;
				CLANG_WARN_QUOTED_INCLUDE_IN_FRAMEWORK_HEADER = YES;
				CLANG_WARN_RANGE_LOOP_ANALYSIS = YES;
				CLANG_WARN_STRICT_PROTOTYPES = YES;
				CLANG_WARN_SUSPICIOUS_MOVE = YES;
				CLANG_WARN_UNGUARDED_AVAILABILITY = YES_AGGRESSIVE;
				CLANG_WARN_UNREACHABLE_CODE = YES;
				CLANG_WARN__DUPLICATE_METHOD_MATCH = YES;
				COPY_PHASE_STRIP = NO;
				DEBUG_INFORMATION_FORMAT = "dwarf-with-dsym";
				ENABLE_NS_ASSERTIONS = NO;
				ENABLE_STRICT_OBJC_MSGSEND = YES;
				GCC_C_LANGUAGE_STANDARD = gnu11;
				GCC_NO_COMMON_BLOCKS = YES;
				GCC_WARN_64_TO_32_BIT_CONVERSION = YES;
				GCC_WARN_ABOUT_RETURN_TYPE = YES_ERROR;
				GCC_WARN_UNDECLARED_SELECTOR = YES;
				GCC_WARN_UNINITIALIZED_AUTOS = YES_AGGRESSIVE;
				GCC_WARN_UNUSED_FUNCTION = YES;
				GCC_WARN_UNUSED_VARIABLE = YES;
				IPHONEOS_DEPLOYMENT_TARGET = 17.0;
				MTL_ENABLE_DEBUG_INFO = NO;
				MTL_FAST_MATH = YES;
				SDKROOT = iphoneos;
				SWIFT_COMPILATION_MODE = wholemodule;
				SWIFT_OPTIMIZATION_LEVEL = "-O";
				VALIDATE_PRODUCT = YES;
			};
			name = Release;
		};
		7F2273022AADFAD60036BC9C /* Debug */ = {
			isa = XCBuildConfiguration;
			buildSettings = {
				ASSETCATALOG_COMPILER_APPICON_NAME = AppIcon;
				ASSETCATALOG_COMPILER_GLOBAL_ACCENT_COLOR_NAME = AccentColor;
				CODE_SIGN_IDENTITY = "Apple Development";
				CODE_SIGN_STYLE = Automatic;
				CURRENT_PROJECT_VERSION = 1;
				DEVELOPMENT_TEAM = 4DA45JC35S;
				GENERATE_INFOPLIST_FILE = YES;
				INFOPLIST_FILE = InfernoLounge/Info.plist;
				INFOPLIST_KEY_UIApplicationSupportsIndirectInputEvents = YES;
				INFOPLIST_KEY_UILaunchStoryboardName = LaunchScreen;
				INFOPLIST_KEY_UIMainStoryboardFile = "";
				INFOPLIST_KEY_UISupportedInterfaceOrientations = UIInterfaceOrientationPortrait;
				LD_RUNPATH_SEARCH_PATHS = (
					"$(inherited)",
					"@executable_path/Frameworks",
				);
				MARKETING_VERSION = 1.0;
				PRODUCT_BUNDLE_IDENTIFIER = "PineapplePractice-Hookah-MOB.InfernoLounge";
				PRODUCT_NAME = "$(TARGET_NAME)";
				PROVISIONING_PROFILE_SPECIFIER = "";
				SWIFT_EMIT_LOC_STRINGS = YES;
				SWIFT_VERSION = 5.0;
				TARGETED_DEVICE_FAMILY = "1,2";
			};
			name = Debug;
		};
		7F2273032AADFAD60036BC9C /* Release */ = {
			isa = XCBuildConfiguration;
			buildSettings = {
				ASSETCATALOG_COMPILER_APPICON_NAME = AppIcon;
				ASSETCATALOG_COMPILER_GLOBAL_ACCENT_COLOR_NAME = AccentColor;
				CODE_SIGN_IDENTITY = "Apple Development";
				CODE_SIGN_STYLE = Automatic;
				CURRENT_PROJECT_VERSION = 1;
				DEVELOPMENT_TEAM = 4DA45JC35S;
				GENERATE_INFOPLIST_FILE = YES;
				INFOPLIST_FILE = InfernoLounge/Info.plist;
				INFOPLIST_KEY_UIApplicationSupportsIndirectInputEvents = YES;
				INFOPLIST_KEY_UILaunchStoryboardName = LaunchScreen;
				INFOPLIST_KEY_UIMainStoryboardFile = "";
				INFOPLIST_KEY_UISupportedInterfaceOrientations = UIInterfaceOrientationPortrait;
				LD_RUNPATH_SEARCH_PATHS = (
					"$(inherited)",
					"@executable_path/Frameworks",
				);
				MARKETING_VERSION = 1.0;
				PRODUCT_BUNDLE_IDENTIFIER = "PineapplePractice-Hookah-MOB.InfernoLounge";
				PRODUCT_NAME = "$(TARGET_NAME)";
				PROVISIONING_PROFILE_SPECIFIER = "";
				SWIFT_EMIT_LOC_STRINGS = YES;
				SWIFT_VERSION = 5.0;
				TARGETED_DEVICE_FAMILY = "1,2";
			};
			name = Release;
		};
/* End XCBuildConfiguration section */

/* Begin XCConfigurationList section */
		7F2272E82AADFAD40036BC9C /* Build configuration list for PBXProject "InfernoLounge" */ = {
			isa = XCConfigurationList;
			buildConfigurations = (
				7F2272FF2AADFAD60036BC9C /* Debug */,
				7F2273002AADFAD60036BC9C /* Release */,
			);
			defaultConfigurationIsVisible = 0;
			defaultConfigurationName = Release;
		};
		7F2273012AADFAD60036BC9C /* Build configuration list for PBXNativeTarget "InfernoLounge" */ = {
			isa = XCConfigurationList;
			buildConfigurations = (
				7F2273022AADFAD60036BC9C /* Debug */,
				7F2273032AADFAD60036BC9C /* Release */,
			);
			defaultConfigurationIsVisible = 0;
			defaultConfigurationName = Release;
		};
/* End XCConfigurationList section */

/* Begin XCRemoteSwiftPackageReference section */
		7FA039A52B41615B000F2388 /* XCRemoteSwiftPackageReference "Alamofire" */ = {
			isa = XCRemoteSwiftPackageReference;
			repositoryURL = "https://github.com/Alamofire/Alamofire.git";
			requirement = {
				kind = upToNextMajorVersion;
				minimumVersion = 5.8.1;
			};
		};
		7FD313902B57EFDE008C2EEA /* XCRemoteSwiftPackageReference "SwiftKeychainWrapper" */ = {
			isa = XCRemoteSwiftPackageReference;
			repositoryURL = "https://github.com/jrendel/SwiftKeychainWrapper";
			requirement = {
				kind = upToNextMajorVersion;
				minimumVersion = 4.0.1;
			};
		};
/* End XCRemoteSwiftPackageReference section */

/* Begin XCSwiftPackageProductDependency section */
		7FA039A62B41615B000F2388 /* Alamofire */ = {
			isa = XCSwiftPackageProductDependency;
			package = 7FA039A52B41615B000F2388 /* XCRemoteSwiftPackageReference "Alamofire" */;
			productName = Alamofire;
		};
		7FD313912B57EFDE008C2EEA /* SwiftKeychainWrapper */ = {
			isa = XCSwiftPackageProductDependency;
			package = 7FD313902B57EFDE008C2EEA /* XCRemoteSwiftPackageReference "SwiftKeychainWrapper" */;
			productName = SwiftKeychainWrapper;
		};
/* End XCSwiftPackageProductDependency section */
	};
	rootObject = 7F2272E52AADFAD40036BC9C /* Project object */;
}
